{
  "object": {
    "pins": [
      {
        "package": "CompositionKit",
        "repositoryURL": "https://github.com/FluidGroup/CompositionKit.git",
        "state": {
          "branch": "main",
          "revision": "c7b2bbb2eed8318ad886f2815ac6cb275318db5d",
          "version": null
        }
      },
      {
        "package": "Descriptors",
        "repositoryURL": "https://github.com/FluidGroup/Descriptors",
        "state": {
          "branch": null,
          "revision": "f41ce2605a76c5d378fe8c5e8c5c98b544dfd108",
          "version": "0.2.3"
        }
      },
      {
        "package": "GeometryKit",
        "repositoryURL": "https://github.com/FluidGroup/GeometryKit",
        "state": {
          "branch": null,
          "revision": "6cf96dcb220e1b612ba57a717234cbdbf877c009",
          "version": "1.1.0"
        }
      },
      {
        "package": "IGListKit",
        "repositoryURL": "https://github.com/3a4oT/IGListKit",
        "state": {
          "branch": "spmNumber10",
          "revision": "979eca9b2da15e35af36f4613452dd6e07641969",
          "version": null
        }
      },
      {
        "package": "libwebp",
        "repositoryURL": "https://github.com/SDWebImage/libwebp-Xcode",
        "state": {
          "branch": null,
          "revision": "0f3bdb28a1edc5e8e43876d3835d20c601ef331f",
          "version": "1.2.3"
        }
      },
      {
        "package": "MatchedTransition",
        "repositoryURL": "https://github.com/FluidGroup/MatchedTransition",
        "state": {
          "branch": null,
          "revision": "bf97b6f5e133a6ffbc34ac7ca36f355eec84d3af",
          "version": "1.3.0"
        }
      },
      {
        "package": "MockKit",
        "repositoryURL": "https://github.com/muukii/MockKit.git",
        "state": {
          "branch": "main",
          "revision": "facff4540318d08f5f00c2b363abc640be3452f8",
          "version": null
        }
      },
      {
        "package": "MondrianLayout",
        "repositoryURL": "https://github.com/muukii/MondrianLayout.git",
        "state": {
          "branch": null,
          "revision": "5f00b13984fe08316fc5b5be06e2f41c14a3befa",
          "version": "0.10.0"
        }
      },
      {
        "package": "Ne",
        "repositoryURL": "https://github.com/muukii/Ne.git",
        "state": {
          "branch": "main",
          "revision": "864edeb19072716f2fdc7061bf346aa3fe4d06c6",
          "version": null
        }
      },
      {
        "package": "PINCache",
        "repositoryURL": "https://github.com/pinterest/PINCache.git",
        "state": {
          "branch": null,
          "revision": "875c654984fb52b47ca65ae70d24852b0003ccd9",
          "version": "3.0.3"
        }
      },
      {
        "package": "PINOperation",
        "repositoryURL": "https://github.com/pinterest/PINOperation.git",
        "state": {
          "branch": null,
          "revision": "44d8ca154a4e75a028a5548c31ff3a53b90cef15",
          "version": "1.2.1"
        }
      },
      {
        "package": "PINRemoteImage",
        "repositoryURL": "https://github.com/pinterest/PINRemoteImage.git",
        "state": {
          "branch": "master",
          "revision": "18637e4414d77fbc95cd7d499179a9880e9a78d8",
          "version": null
        }
      },
      {
        "package": "ResultBuilderKit",
        "repositoryURL": "https://github.com/FluidGroup/ResultBuilderKit.git",
        "state": {
          "branch": null,
          "revision": "34aa57fcee5ec3ee0f368b05cb53c7919c188ab2",
          "version": "1.3.0"
        }
      },
      {
        "package": "Rideau",
        "repositoryURL": "https://github.com/FluidGroup/Rideau.git",
        "state": {
          "branch": null,
          "revision": "f803dc498fe79da483173daf3b04a2a23ef1a9c2",
          "version": "2.2.0"
        }
      },
      {
        "package": "Storybook",
        "repositoryURL": "https://github.com/eure/Storybook-ios",
        "state": {
          "branch": "main",
          "revision": "051236b8432513370a0dfa65dd8dcfc660613426",
          "version": null
        }
      },
      {
        "package": "SwiftDocCPlugin",
        "repositoryURL": "https://github.com/apple/swift-docc-plugin.git",
        "state": {
          "branch": "main",
          "revision": "6a6577adb48651a1ca7dee6861c894ee6ca66021",
          "version": null
        }
      },
      {
        "package": "SymbolKit",
        "repositoryURL": "https://github.com/apple/swift-docc-symbolkit",
        "state": {
          "branch": "main",
          "revision": "b45d1f2ed151d057b54504d653e0da5552844e34",
          "version": null
        }
      },
      {
        "package": "SwiftUISupport",
        "repositoryURL": "https://github.com/FluidGroup/swiftui-support.git",
        "state": {
          "branch": "main",
          "revision": "f36903ca01e713cb6de7bbae155f771a035e31d0",
          "version": null
        }
      },
      {
        "package": "Texture",
        "repositoryURL": "https://github.com/FluidGroup/Texture.git",
        "state": {
          "branch": "spm",
          "revision": "5d03875bcfb0d87f8057ebeb5f2f6e4527e18128",
          "version": null
        }
      },
      {
        "package": "TextureBridging",
        "repositoryURL": "https://github.com/FluidGroup/TextureBridging.git",
        "state": {
          "branch": "main",
          "revision": "ed8d3ac84c3fda90832c793fdeb8972154bd15fe",
          "version": null
        }
      },
      {
        "package": "TextureSwiftSupport",
        "repositoryURL": "https://github.com/FluidGroup/TextureSwiftSupport.git",
        "state": {
          "branch": "main",
          "revision": "23c2df6dace4e4be8231f23becc5fc51d26dfa47",
          "version": null
        }
      },
      {
        "package": "Wrap",
        "repositoryURL": "https://github.com/VergeGroup/Wrap.git",
        "state": {
          "branch": "main",
          "revision": "68191d84e48723cb5cd9f6432862b9f22438b0a2",
          "version": null
        }
      }
    ]
  },
  "version": 1
}
