{
  "object": {
    "pins": [
      {
        "package": "GeometryKit",
        "repositoryURL": "https://github.com/FluidGroup/GeometryKit",
        "state": {
          "branch": null,
          "revision": "6cf96dcb220e1b612ba57a717234cbdbf877c009",
          "version": "1.1.0"
        }
      },
      {
        "package": "ResultBuilderKit",
        "repositoryURL": "https://github.com/FluidGroup/ResultBuilderKit.git",
        "state": {
          "branch": null,
          "revision": "34aa57fcee5ec3ee0f368b05cb53c7919c188ab2",
          "version": "1.3.0"
        }
      },
      {
        "package": "Rideau",
        "repositoryURL": "https://github.com/FluidGroup/Rideau.git",
        "state": {
          "branch": null,
          "revision": "fa560b52c246863dee5ab4b03197f6e4a9794607",
          "version": "2.3.1"
        }
      }
    ]
  },
  "version": 1
}
