// !$*UTF8*$!
{
	archiveVersion = 1;
	classes = {
	};
	objectVersion = 55;
	objects = {

/* Begin PBXBuildFile section */
		4B468061279C58E800625FCB /* ViewController.swift in Sources */ = {isa = PBXBuildFile; fileRef = 4B46804A279C58E800625FCB /* ViewController.swift */; };
		4B468062279C58E800625FCB /* TranslationVelocityPlaygroundViewController.swift in Sources */ = {isa = PBXBuildFile; fileRef = 4B46804B279C58E800625FCB /* TranslationVelocityPlaygroundViewController.swift */; };
		4B468063279C58E800625FCB /* DemoTransitionViewController.swift in Sources */ = {isa = PBXBuildFile; fileRef = 4B46804C279C58E800625FCB /* DemoTransitionViewController.swift */; };
		4B468064279C58E800625FCB /* AnimatorPlaygroundViewController.swift in Sources */ = {isa = PBXBuildFile; fileRef = 4B46804D279C58E800625FCB /* AnimatorPlaygroundViewController.swift */; };
		4B468065279C58E800625FCB /* RootContainerViewController.swift in Sources */ = {isa = PBXBuildFile; fileRef = 4B46804E279C58E800625FCB /* RootContainerViewController.swift */; };
		4B468066279C58E800625FCB /* DemoControlCenterViewController.swift in Sources */ = {isa = PBXBuildFile; fileRef = 4B46804F279C58E800625FCB /* DemoControlCenterViewController.swift */; };
		4B468067279C58E800625FCB /* DemoThreadsMessagesViewController.swift in Sources */ = {isa = PBXBuildFile; fileRef = 4B468050279C58E800625FCB /* DemoThreadsMessagesViewController.swift */; };
		4B468068279C58E800625FCB /* Assets.xcassets in Resources */ = {isa = PBXBuildFile; fileRef = 4B468051279C58E800625FCB /* Assets.xcassets */; };
		4B468069279C58E800625FCB /* DemoPictureInPictureController.swift in Sources */ = {isa = PBXBuildFile; fileRef = 4B468052279C58E800625FCB /* DemoPictureInPictureController.swift */; };
		4B46806A279C58E800625FCB /* ViewModel.swift in Sources */ = {isa = PBXBuildFile; fileRef = 4B468053279C58E800625FCB /* ViewModel.swift */; };
		4B46806B279C58E800625FCB /* DemoViewController.swift in Sources */ = {isa = PBXBuildFile; fileRef = 4B468054279C58E800625FCB /* DemoViewController.swift */; };
		4B46806C279C58E800625FCB /* LaunchScreen.storyboard in Resources */ = {isa = PBXBuildFile; fileRef = 4B468055279C58E800625FCB /* LaunchScreen.storyboard */; };
		4B46806D279C58E800625FCB /* DemoListViewController.swift in Sources */ = {isa = PBXBuildFile; fileRef = 4B468057279C58E800625FCB /* DemoListViewController.swift */; };
		4B46806E279C58E800625FCB /* Book.swift in Sources */ = {isa = PBXBuildFile; fileRef = 4B468058279C58E800625FCB /* Book.swift */; };
		4B46806F279C58E800625FCB /* UIColor+Presets.swift in Sources */ = {isa = PBXBuildFile; fileRef = 4B468059279C58E800625FCB /* UIColor+Presets.swift */; };
		4B468070279C58E800625FCB /* AppDelegate.swift in Sources */ = {isa = PBXBuildFile; fileRef = 4B46805A279C58E800625FCB /* AppDelegate.swift */; };
		4B468071279C58E800625FCB /* DemoSafeAreaViewController.swift in Sources */ = {isa = PBXBuildFile; fileRef = 4B46805B279C58E800625FCB /* DemoSafeAreaViewController.swift */; };
		4B468072279C58E800625FCB /* DemoContextMenuViewController.swift in Sources */ = {isa = PBXBuildFile; fileRef = 4B46805C279C58E800625FCB /* DemoContextMenuViewController.swift */; };
		4B468074279C58E800625FCB /* UIControl+Closure.swift in Sources */ = {isa = PBXBuildFile; fileRef = 4B46805E279C58E800625FCB /* UIControl+Closure.swift */; };
		4B468075279C58E800625FCB /* DemoApplicationViewController.swift in Sources */ = {isa = PBXBuildFile; fileRef = 4B46805F279C58E800625FCB /* DemoApplicationViewController.swift */; };
		4B468076279C58E800625FCB /* ScalingVelocityPlaygroundViewController.swift in Sources */ = {isa = PBXBuildFile; fileRef = 4B468060279C58E800625FCB /* ScalingVelocityPlaygroundViewController.swift */; };
		4B658D0F276A59F700A17878 /* Wrap in Frameworks */ = {isa = PBXBuildFile; productRef = 4B658D0E276A59F700A17878 /* Wrap */; };
		4B7410B927ACE975003D8AB5 /* DemoCompositionOrderViewController.swift in Sources */ = {isa = PBXBuildFile; fileRef = 4B7410B827ACE975003D8AB5 /* DemoCompositionOrderViewController.swift */; };
		4B959B1C2764F7B30003FFB6 /* StorybookKit in Frameworks */ = {isa = PBXBuildFile; productRef = 4B959B1B2764F7B30003FFB6 /* StorybookKit */; };
		4B959B1E2764F7B30003FFB6 /* StorybookUI in Frameworks */ = {isa = PBXBuildFile; productRef = 4B959B1D2764F7B30003FFB6 /* StorybookUI */; };
		4B9C2BB5279C6825002FBF0F /* FluidInterfaceKitRideauSupport in Frameworks */ = {isa = PBXBuildFile; productRef = 4B9C2BB4279C6825002FBF0F /* FluidInterfaceKitRideauSupport */; };
		4BB493B0279C6F4700535EC7 /* DemoRideauIntegrationViewController.swift in Sources */ = {isa = PBXBuildFile; fileRef = 4BB493AF279C6F4700535EC7 /* DemoRideauIntegrationViewController.swift */; };
		4BB5B319277077CC00EE1028 /* Ne in Frameworks */ = {isa = PBXBuildFile; productRef = 4BB5B318277077CC00EE1028 /* Ne */; };
		4BB5B31C277077EA00EE1028 /* MockKit in Frameworks */ = {isa = PBXBuildFile; productRef = 4BB5B31B277077EA00EE1028 /* MockKit */; };
		4BBDECE0276648FD00982229 /* CompositionKit in Frameworks */ = {isa = PBXBuildFile; productRef = 4BBDECDF276648FD00982229 /* CompositionKit */; };
		4BBDECE2276648FD00982229 /* MatchedTransition in Frameworks */ = {isa = PBXBuildFile; productRef = 4BBDECE1276648FD00982229 /* MatchedTransition */; };
		4BDDF269277F50C100636B00 /* MondrianLayout in Frameworks */ = {isa = PBXBuildFile; productRef = 4BDDF268277F50C100636B00 /* MondrianLayout */; };
		4BDDF26D277F553200636B00 /* FluidInterfaceKit in Frameworks */ = {isa = PBXBuildFile; productRef = 4BDDF26C277F553200636B00 /* FluidInterfaceKit */; };
		4BFC696327A7F3BB0011238E /* CAPortalLayer.m in Sources */ = {isa = PBXBuildFile; fileRef = 4BFC696227A7F3BB0011238E /* CAPortalLayer.m */; };
		4BFC696627A7F46D0011238E /* DemoPortalLayer.swift in Sources */ = {isa = PBXBuildFile; fileRef = 4BFC696527A7F46D0011238E /* DemoPortalLayer.swift */; };
/* End PBXBuildFile section */

/* Begin PBXFileReference section */
		4B1561B92773659200C4DE07 /* ViewRepresentationKit */ = {isa = PBXFileReference; lastKnownFileType = wrapper; name = ViewRepresentationKit; path = submodules/ViewRepresentationKit; sourceTree = "<group>"; };
		4B2CCB88278DD21400EAB928 /* Descriptors */ = {isa = PBXFileReference; lastKnownFileType = wrapper; name = Descriptors; path = submodules/Descriptors; sourceTree = "<group>"; };
		4B46804A279C58E800625FCB /* ViewController.swift */ = {isa = PBXFileReference; fileEncoding = 4; lastKnownFileType = sourcecode.swift; path = ViewController.swift; sourceTree = "<group>"; };
		4B46804B279C58E800625FCB /* TranslationVelocityPlaygroundViewController.swift */ = {isa = PBXFileReference; fileEncoding = 4; lastKnownFileType = sourcecode.swift; path = TranslationVelocityPlaygroundViewController.swift; sourceTree = "<group>"; };
		4B46804C279C58E800625FCB /* DemoTransitionViewController.swift */ = {isa = PBXFileReference; fileEncoding = 4; lastKnownFileType = sourcecode.swift; path = DemoTransitionViewController.swift; sourceTree = "<group>"; };
		4B46804D279C58E800625FCB /* AnimatorPlaygroundViewController.swift */ = {isa = PBXFileReference; fileEncoding = 4; lastKnownFileType = sourcecode.swift; path = AnimatorPlaygroundViewController.swift; sourceTree = "<group>"; };
		4B46804E279C58E800625FCB /* RootContainerViewController.swift */ = {isa = PBXFileReference; fileEncoding = 4; lastKnownFileType = sourcecode.swift; path = RootContainerViewController.swift; sourceTree = "<group>"; };
		4B46804F279C58E800625FCB /* DemoControlCenterViewController.swift */ = {isa = PBXFileReference; fileEncoding = 4; lastKnownFileType = sourcecode.swift; path = DemoControlCenterViewController.swift; sourceTree = "<group>"; };
		4B468050279C58E800625FCB /* DemoThreadsMessagesViewController.swift */ = {isa = PBXFileReference; fileEncoding = 4; lastKnownFileType = sourcecode.swift; path = DemoThreadsMessagesViewController.swift; sourceTree = "<group>"; };
		4B468051279C58E800625FCB /* Assets.xcassets */ = {isa = PBXFileReference; lastKnownFileType = folder.assetcatalog; path = Assets.xcassets; sourceTree = "<group>"; };
		4B468052279C58E800625FCB /* DemoPictureInPictureController.swift */ = {isa = PBXFileReference; fileEncoding = 4; lastKnownFileType = sourcecode.swift; path = DemoPictureInPictureController.swift; sourceTree = "<group>"; };
		4B468053279C58E800625FCB /* ViewModel.swift */ = {isa = PBXFileReference; fileEncoding = 4; lastKnownFileType = sourcecode.swift; path = ViewModel.swift; sourceTree = "<group>"; };
		4B468054279C58E800625FCB /* DemoViewController.swift */ = {isa = PBXFileReference; fileEncoding = 4; lastKnownFileType = sourcecode.swift; path = DemoViewController.swift; sourceTree = "<group>"; };
		4B468056279C58E800625FCB /* Base */ = {isa = PBXFileReference; lastKnownFileType = file.storyboard; name = Base; path = Base.lproj/LaunchScreen.storyboard; sourceTree = "<group>"; };
		4B468057279C58E800625FCB /* DemoListViewController.swift */ = {isa = PBXFileReference; fileEncoding = 4; lastKnownFileType = sourcecode.swift; path = DemoListViewController.swift; sourceTree = "<group>"; };
		4B468058279C58E800625FCB /* Book.swift */ = {isa = PBXFileReference; fileEncoding = 4; lastKnownFileType = sourcecode.swift; path = Book.swift; sourceTree = "<group>"; };
		4B468059279C58E800625FCB /* UIColor+Presets.swift */ = {isa = PBXFileReference; fileEncoding = 4; lastKnownFileType = sourcecode.swift; path = "UIColor+Presets.swift"; sourceTree = "<group>"; };
		4B46805A279C58E800625FCB /* AppDelegate.swift */ = {isa = PBXFileReference; fileEncoding = 4; lastKnownFileType = sourcecode.swift; path = AppDelegate.swift; sourceTree = "<group>"; };
		4B46805B279C58E800625FCB /* DemoSafeAreaViewController.swift */ = {isa = PBXFileReference; fileEncoding = 4; lastKnownFileType = sourcecode.swift; path = DemoSafeAreaViewController.swift; sourceTree = "<group>"; };
		4B46805C279C58E800625FCB /* DemoContextMenuViewController.swift */ = {isa = PBXFileReference; fileEncoding = 4; lastKnownFileType = sourcecode.swift; path = DemoContextMenuViewController.swift; sourceTree = "<group>"; };
		4B46805E279C58E800625FCB /* UIControl+Closure.swift */ = {isa = PBXFileReference; fileEncoding = 4; lastKnownFileType = sourcecode.swift; path = "UIControl+Closure.swift"; sourceTree = "<group>"; };
		4B46805F279C58E800625FCB /* DemoApplicationViewController.swift */ = {isa = PBXFileReference; fileEncoding = 4; lastKnownFileType = sourcecode.swift; path = DemoApplicationViewController.swift; sourceTree = "<group>"; };
		4B468060279C58E800625FCB /* ScalingVelocityPlaygroundViewController.swift */ = {isa = PBXFileReference; fileEncoding = 4; lastKnownFileType = sourcecode.swift; path = ScalingVelocityPlaygroundViewController.swift; sourceTree = "<group>"; };
		4B7410B827ACE975003D8AB5 /* DemoCompositionOrderViewController.swift */ = {isa = PBXFileReference; lastKnownFileType = sourcecode.swift; path = DemoCompositionOrderViewController.swift; sourceTree = "<group>"; };
		4B79CAAA2792A3A0002DA1DF /* Ne */ = {isa = PBXFileReference; lastKnownFileType = wrapper; name = Ne; path = submodules/Ne; sourceTree = "<group>"; };
		4B959B062764F77E0003FFB6 /* FluidInterfaceKit-Demo.app */ = {isa = PBXFileReference; explicitFileType = wrapper.application; includeInIndex = 0; path = "FluidInterfaceKit-Demo.app"; sourceTree = BUILT_PRODUCTS_DIR; };
		4BB493AF279C6F4700535EC7 /* DemoRideauIntegrationViewController.swift */ = {isa = PBXFileReference; lastKnownFileType = sourcecode.swift; path = DemoRideauIntegrationViewController.swift; sourceTree = "<group>"; };
		4BBDECDD276646E300982229 /* CompositionKit */ = {isa = PBXFileReference; lastKnownFileType = wrapper; name = CompositionKit; path = submodules/CompositionKit; sourceTree = "<group>"; };
		4BBDECDE276646EE00982229 /* MatchedTransition */ = {isa = PBXFileReference; lastKnownFileType = wrapper; name = MatchedTransition; path = submodules/MatchedTransition; sourceTree = "<group>"; };
		4BDDF267277F509C00636B00 /* MondrianLayout */ = {isa = PBXFileReference; lastKnownFileType = wrapper; name = MondrianLayout; path = submodules/MondrianLayout; sourceTree = "<group>"; };
		4BDDF26A277F548900636B00 /* GeometryKit */ = {isa = PBXFileReference; lastKnownFileType = wrapper; name = GeometryKit; path = submodules/GeometryKit; sourceTree = "<group>"; };
		4BE0AAC4277FD5620086FD7E /*  */ = {isa = PBXFileReference; lastKnownFileType = wrapper; name = ""; sourceTree = "<group>"; };
		4BFC696127A7F3BA0011238E /* FluidInterfaceKit-Demo-Bridging-Header.h */ = {isa = PBXFileReference; lastKnownFileType = sourcecode.c.h; path = "FluidInterfaceKit-Demo-Bridging-Header.h"; sourceTree = "<group>"; };
		4BFC696227A7F3BB0011238E /* CAPortalLayer.m */ = {isa = PBXFileReference; lastKnownFileType = sourcecode.c.objc; path = CAPortalLayer.m; sourceTree = "<group>"; };
		4BFC696427A7F3DB0011238E /* CAPortalLayer.h */ = {isa = PBXFileReference; lastKnownFileType = sourcecode.c.h; path = CAPortalLayer.h; sourceTree = "<group>"; };
		4BFC696527A7F46D0011238E /* DemoPortalLayer.swift */ = {isa = PBXFileReference; lastKnownFileType = sourcecode.swift; path = DemoPortalLayer.swift; sourceTree = "<group>"; };
/* End PBXFileReference section */

/* Begin PBXFrameworksBuildPhase section */
		4B959B032764F77E0003FFB6 /* Frameworks */ = {
			isa = PBXFrameworksBuildPhase;
			buildActionMask = 2147483647;
			files = (
				4BBDECE2276648FD00982229 /* MatchedTransition in Frameworks */,
				4B959B1C2764F7B30003FFB6 /* StorybookKit in Frameworks */,
				4B9C2BB5279C6825002FBF0F /* FluidInterfaceKitRideauSupport in Frameworks */,
				4BDDF26D277F553200636B00 /* FluidInterfaceKit in Frameworks */,
				4B959B1E2764F7B30003FFB6 /* StorybookUI in Frameworks */,
				4BB5B319277077CC00EE1028 /* Ne in Frameworks */,
				4BBDECE0276648FD00982229 /* CompositionKit in Frameworks */,
				4B658D0F276A59F700A17878 /* Wrap in Frameworks */,
				4BDDF269277F50C100636B00 /* MondrianLayout in Frameworks */,
				4BB5B31C277077EA00EE1028 /* MockKit in Frameworks */,
			);
			runOnlyForDeploymentPostprocessing = 0;
		};
/* End PBXFrameworksBuildPhase section */

/* Begin PBXGroup section */
		4B468046279C588E00625FCB /* Sources */ = {
			isa = PBXGroup;
			children = (
				4B468049279C58E800625FCB /* FluidInterfaceKit-Demo */,
			);
			path = Sources;
			sourceTree = "<group>";
		};
		4B468049279C58E800625FCB /* FluidInterfaceKit-Demo */ = {
			isa = PBXGroup;
			children = (
				4B46804A279C58E800625FCB /* ViewController.swift */,
				4B46804B279C58E800625FCB /* TranslationVelocityPlaygroundViewController.swift */,
				4B46804C279C58E800625FCB /* DemoTransitionViewController.swift */,
				4B46804D279C58E800625FCB /* AnimatorPlaygroundViewController.swift */,
				4B46804E279C58E800625FCB /* RootContainerViewController.swift */,
				4B46804F279C58E800625FCB /* DemoControlCenterViewController.swift */,
				4B468050279C58E800625FCB /* DemoThreadsMessagesViewController.swift */,
				4BB493AF279C6F4700535EC7 /* DemoRideauIntegrationViewController.swift */,
				4B468051279C58E800625FCB /* Assets.xcassets */,
				4B468052279C58E800625FCB /* DemoPictureInPictureController.swift */,
				4B468053279C58E800625FCB /* ViewModel.swift */,
				4B468054279C58E800625FCB /* DemoViewController.swift */,
				4B468055279C58E800625FCB /* LaunchScreen.storyboard */,
				4B468057279C58E800625FCB /* DemoListViewController.swift */,
				4B468058279C58E800625FCB /* Book.swift */,
				4B468059279C58E800625FCB /* UIColor+Presets.swift */,
				4B46805A279C58E800625FCB /* AppDelegate.swift */,
				4B46805B279C58E800625FCB /* DemoSafeAreaViewController.swift */,
				4B46805C279C58E800625FCB /* DemoContextMenuViewController.swift */,
				4BFC696527A7F46D0011238E /* DemoPortalLayer.swift */,
				4B46805E279C58E800625FCB /* UIControl+Closure.swift */,
				4B46805F279C58E800625FCB /* DemoApplicationViewController.swift */,
				4B468060279C58E800625FCB /* ScalingVelocityPlaygroundViewController.swift */,
				4BFC696427A7F3DB0011238E /* CAPortalLayer.h */,
				4BFC696227A7F3BB0011238E /* CAPortalLayer.m */,
				4BFC696127A7F3BA0011238E /* FluidInterfaceKit-Demo-Bridging-Header.h */,
				4B7410B827ACE975003D8AB5 /* DemoCompositionOrderViewController.swift */,
			);
			path = "FluidInterfaceKit-Demo";
			sourceTree = "<group>";
		};
		4B959AEE2764F7180003FFB6 = {
			isa = PBXGroup;
			children = (
				4BBDECDC276646E300982229 /* Packages */,
				4B468046279C588E00625FCB /* Sources */,
				4B959AF92764F7180003FFB6 /* Products */,
				4B9C2BB3279C6825002FBF0F /* Frameworks */,
			);
			sourceTree = "<group>";
		};
		4B959AF92764F7180003FFB6 /* Products */ = {
			isa = PBXGroup;
			children = (
				4B959B062764F77E0003FFB6 /* FluidInterfaceKit-Demo.app */,
			);
			name = Products;
			sourceTree = "<group>";
		};
		4B9C2BB3279C6825002FBF0F /* Frameworks */ = {
			isa = PBXGroup;
			children = (
			);
			name = Frameworks;
			sourceTree = "<group>";
		};
		4BBDECDC276646E300982229 /* Packages */ = {
			isa = PBXGroup;
			children = (
				4B79CAAA2792A3A0002DA1DF /* Ne */,
				4B2CCB88278DD21400EAB928 /* Descriptors */,
				4BBDECDD276646E300982229 /* CompositionKit */,
				4BBDECDE276646EE00982229 /* MatchedTransition */,
				4B1561B92773659200C4DE07 /* ViewRepresentationKit */,
				4BDDF267277F509C00636B00 /* MondrianLayout */,
				4BDDF26A277F548900636B00 /* GeometryKit */,
				4BE0AAC4277FD5620086FD7E /*  */,
			);
			name = Packages;
			sourceTree = "<group>";
		};
/* End PBXGroup section */

/* Begin PBXNativeTarget section */
		4B959B052764F77E0003FFB6 /* FluidInterfaceKit-Demo */ = {
			isa = PBXNativeTarget;
			buildConfigurationList = 4B959B172764F77F0003FFB6 /* Build configuration list for PBXNativeTarget "FluidInterfaceKit-Demo" */;
			buildPhases = (
				4B959B022764F77E0003FFB6 /* Sources */,
				4B959B032764F77E0003FFB6 /* Frameworks */,
				4B959B042764F77E0003FFB6 /* Resources */,
			);
			buildRules = (
			);
			dependencies = (
				4BDDF26F277F554700636B00 /* PBXTargetDependency */,
				4BDDF271277F554700636B00 /* PBXTargetDependency */,
				4BDDF273277F554700636B00 /* PBXTargetDependency */,
				4BDDF275277F554700636B00 /* PBXTargetDependency */,
				4BDDF277277F554700636B00 /* PBXTargetDependency */,
				4BDDF279277F554700636B00 /* PBXTargetDependency */,
				4BDDF27B277F554700636B00 /* PBXTargetDependency */,
				4BDDF27D277F554700636B00 /* PBXTargetDependency */,
			);
			name = "FluidInterfaceKit-Demo";
			packageProductDependencies = (
				4B959B1B2764F7B30003FFB6 /* StorybookKit */,
				4B959B1D2764F7B30003FFB6 /* StorybookUI */,
				4BBDECDF276648FD00982229 /* CompositionKit */,
				4BBDECE1276648FD00982229 /* MatchedTransition */,
				4B658D0E276A59F700A17878 /* Wrap */,
				4BB5B318277077CC00EE1028 /* Ne */,
				4BB5B31B277077EA00EE1028 /* MockKit */,
				4BDDF268277F50C100636B00 /* MondrianLayout */,
				4BDDF26C277F553200636B00 /* FluidInterfaceKit */,
				4B9C2BB4279C6825002FBF0F /* FluidInterfaceKitRideauSupport */,
			);
			productName = "FluidUIKit-Demo";
			productReference = 4B959B062764F77E0003FFB6 /* FluidInterfaceKit-Demo.app */;
			productType = "com.apple.product-type.application";
		};
/* End PBXNativeTarget section */

/* Begin PBXProject section */
		4B959AEF2764F7180003FFB6 /* Project object */ = {
			isa = PBXProject;
			attributes = {
				BuildIndependentTargetsInParallel = 1;
				LastSwiftUpdateCheck = 1320;
				LastUpgradeCheck = 1320;
				TargetAttributes = {
					4B959B052764F77E0003FFB6 = {
						CreatedOnToolsVersion = 13.2;
						LastSwiftMigration = 1320;
					};
				};
			};
			buildConfigurationList = 4B959AF22764F7180003FFB6 /* Build configuration list for PBXProject "FluidInterfaceKit" */;
			compatibilityVersion = "Xcode 13.0";
			developmentRegion = en;
			hasScannedForEncodings = 0;
			knownRegions = (
				en,
				Base,
			);
			mainGroup = 4B959AEE2764F7180003FFB6;
			packageReferences = (
				4B959B1A2764F7B30003FFB6 /* XCRemoteSwiftPackageReference "Storybook-ios" */,
				4BBDECCF2766238B00982229 /* XCRemoteSwiftPackageReference "Wrap" */,
				4BB5B317277077CC00EE1028 /* XCRemoteSwiftPackageReference "Ne" */,
				4BB5B31A277077EA00EE1028 /* XCRemoteSwiftPackageReference "MockKit" */,
			);
			productRefGroup = 4B959AF92764F7180003FFB6 /* Products */;
			projectDirPath = "";
			projectRoot = "";
			targets = (
				4B959B052764F77E0003FFB6 /* FluidInterfaceKit-Demo */,
			);
		};
/* End PBXProject section */

/* Begin PBXResourcesBuildPhase section */
		4B959B042764F77E0003FFB6 /* Resources */ = {
			isa = PBXResourcesBuildPhase;
			buildActionMask = 2147483647;
			files = (
				4B46806C279C58E800625FCB /* LaunchScreen.storyboard in Resources */,
				4B468068279C58E800625FCB /* Assets.xcassets in Resources */,
			);
			runOnlyForDeploymentPostprocessing = 0;
		};
/* End PBXResourcesBuildPhase section */

/* Begin PBXSourcesBuildPhase section */
		4B959B022764F77E0003FFB6 /* Sources */ = {
			isa = PBXSourcesBuildPhase;
			buildActionMask = 2147483647;
			files = (
				4B468062279C58E800625FCB /* TranslationVelocityPlaygroundViewController.swift in Sources */,
				4BFC696327A7F3BB0011238E /* CAPortalLayer.m in Sources */,
				4BFC696627A7F46D0011238E /* DemoPortalLayer.swift in Sources */,
				4B468074279C58E800625FCB /* UIControl+Closure.swift in Sources */,
				4B46806A279C58E800625FCB /* ViewModel.swift in Sources */,
				4B468066279C58E800625FCB /* DemoControlCenterViewController.swift in Sources */,
				4B46806B279C58E800625FCB /* DemoViewController.swift in Sources */,
				4B46806E279C58E800625FCB /* Book.swift in Sources */,
				4B468069279C58E800625FCB /* DemoPictureInPictureController.swift in Sources */,
				4B468071279C58E800625FCB /* DemoSafeAreaViewController.swift in Sources */,
				4B7410B927ACE975003D8AB5 /* DemoCompositionOrderViewController.swift in Sources */,
				4B468064279C58E800625FCB /* AnimatorPlaygroundViewController.swift in Sources */,
				4B46806D279C58E800625FCB /* DemoListViewController.swift in Sources */,
				4B468067279C58E800625FCB /* DemoThreadsMessagesViewController.swift in Sources */,
				4B468072279C58E800625FCB /* DemoContextMenuViewController.swift in Sources */,
				4B468065279C58E800625FCB /* RootContainerViewController.swift in Sources */,
				4B468061279C58E800625FCB /* ViewController.swift in Sources */,
				4B468063279C58E800625FCB /* DemoTransitionViewController.swift in Sources */,
				4B468076279C58E800625FCB /* ScalingVelocityPlaygroundViewController.swift in Sources */,
				4B468070279C58E800625FCB /* AppDelegate.swift in Sources */,
				4BB493B0279C6F4700535EC7 /* DemoRideauIntegrationViewController.swift in Sources */,
				4B468075279C58E800625FCB /* DemoApplicationViewController.swift in Sources */,
				4B46806F279C58E800625FCB /* UIColor+Presets.swift in Sources */,
			);
			runOnlyForDeploymentPostprocessing = 0;
		};
/* End PBXSourcesBuildPhase section */

/* Begin PBXTargetDependency section */
		4BDDF26F277F554700636B00 /* PBXTargetDependency */ = {
			isa = PBXTargetDependency;
		};
		4BDDF271277F554700636B00 /* PBXTargetDependency */ = {
			isa = PBXTargetDependency;
		};
		4BDDF273277F554700636B00 /* PBXTargetDependency */ = {
			isa = PBXTargetDependency;
		};
		4BDDF275277F554700636B00 /* PBXTargetDependency */ = {
			isa = PBXTargetDependency;
		};
		4BDDF277277F554700636B00 /* PBXTargetDependency */ = {
			isa = PBXTargetDependency;
		};
		4BDDF279277F554700636B00 /* PBXTargetDependency */ = {
			isa = PBXTargetDependency;
		};
		4BDDF27B277F554700636B00 /* PBXTargetDependency */ = {
			isa = PBXTargetDependency;
		};
		4BDDF27D277F554700636B00 /* PBXTargetDependency */ = {
			isa = PBXTargetDependency;
		};
/* End PBXTargetDependency section */

/* Begin PBXVariantGroup section */
		4B468055279C58E800625FCB /* LaunchScreen.storyboard */ = {
			isa = PBXVariantGroup;
			children = (
				4B468056279C58E800625FCB /* Base */,
			);
			name = LaunchScreen.storyboard;
			sourceTree = "<group>";
		};
/* End PBXVariantGroup section */

/* Begin XCBuildConfiguration section */
		4B959AFD2764F7180003FFB6 /* Debug */ = {
			isa = XCBuildConfiguration;
			buildSettings = {
				ALWAYS_SEARCH_USER_PATHS = NO;
				CLANG_ANALYZER_NONNULL = YES;
				CLANG_ANALYZER_NUMBER_OBJECT_CONVERSION = YES_AGGRESSIVE;
				CLANG_CXX_LANGUAGE_STANDARD = "gnu++17";
				CLANG_CXX_LIBRARY = "libc++";
				CLANG_ENABLE_MODULES = YES;
				CLANG_ENABLE_OBJC_ARC = YES;
				CLANG_ENABLE_OBJC_WEAK = YES;
				CLANG_WARN_BLOCK_CAPTURE_AUTORELEASING = YES;
				CLANG_WARN_BOOL_CONVERSION = YES;
				CLANG_WARN_COMMA = YES;
				CLANG_WARN_CONSTANT_CONVERSION = YES;
				CLANG_WARN_DEPRECATED_OBJC_IMPLEMENTATIONS = YES;
				CLANG_WARN_DIRECT_OBJC_ISA_USAGE = YES_ERROR;
				CLANG_WARN_DOCUMENTATION_COMMENTS = YES;
				CLANG_WARN_EMPTY_BODY = YES;
				CLANG_WARN_ENUM_CONVERSION = YES;
				CLANG_WARN_INFINITE_RECURSION = YES;
				CLANG_WARN_INT_CONVERSION = YES;
				CLANG_WARN_NON_LITERAL_NULL_CONVERSION = YES;
				CLANG_WARN_OBJC_IMPLICIT_RETAIN_SELF = YES;
				CLANG_WARN_OBJC_LITERAL_CONVERSION = YES;
				CLANG_WARN_OBJC_ROOT_CLASS = YES_ERROR;
				CLANG_WARN_QUOTED_INCLUDE_IN_FRAMEWORK_HEADER = YES;
				CLANG_WARN_RANGE_LOOP_ANALYSIS = YES;
				CLANG_WARN_STRICT_PROTOTYPES = YES;
				CLANG_WARN_SUSPICIOUS_MOVE = YES;
				CLANG_WARN_UNGUARDED_AVAILABILITY = YES_AGGRESSIVE;
				CLANG_WARN_UNREACHABLE_CODE = YES;
				CLANG_WARN__DUPLICATE_METHOD_MATCH = YES;
				COPY_PHASE_STRIP = NO;
				CURRENT_PROJECT_VERSION = 1;
				DEBUG_INFORMATION_FORMAT = dwarf;
				ENABLE_STRICT_OBJC_MSGSEND = YES;
				ENABLE_TESTABILITY = YES;
				GCC_C_LANGUAGE_STANDARD = gnu11;
				GCC_DYNAMIC_NO_PIC = NO;
				GCC_NO_COMMON_BLOCKS = YES;
				GCC_OPTIMIZATION_LEVEL = 0;
				GCC_PREPROCESSOR_DEFINITIONS = (
					"DEBUG=1",
					"$(inherited)",
				);
				GCC_WARN_64_TO_32_BIT_CONVERSION = YES;
				GCC_WARN_ABOUT_RETURN_TYPE = YES_ERROR;
				GCC_WARN_UNDECLARED_SELECTOR = YES;
				GCC_WARN_UNINITIALIZED_AUTOS = YES_AGGRESSIVE;
				GCC_WARN_UNUSED_FUNCTION = YES;
				GCC_WARN_UNUSED_VARIABLE = YES;
				IPHONEOS_DEPLOYMENT_TARGET = 12.0;
				MTL_ENABLE_DEBUG_INFO = INCLUDE_SOURCE;
				MTL_FAST_MATH = YES;
				ONLY_ACTIVE_ARCH = YES;
				SDKROOT = iphoneos;
				SWIFT_ACTIVE_COMPILATION_CONDITIONS = DEBUG;
				SWIFT_OPTIMIZATION_LEVEL = "-Onone";
				VERSIONING_SYSTEM = "apple-generic";
				VERSION_INFO_PREFIX = "";
			};
			name = Debug;
		};
		4B959AFE2764F7180003FFB6 /* Release */ = {
			isa = XCBuildConfiguration;
			buildSettings = {
				ALWAYS_SEARCH_USER_PATHS = NO;
				CLANG_ANALYZER_NONNULL = YES;
				CLANG_ANALYZER_NUMBER_OBJECT_CONVERSION = YES_AGGRESSIVE;
				CLANG_CXX_LANGUAGE_STANDARD = "gnu++17";
				CLANG_CXX_LIBRARY = "libc++";
				CLANG_ENABLE_MODULES = YES;
				CLANG_ENABLE_OBJC_ARC = YES;
				CLANG_ENABLE_OBJC_WEAK = YES;
				CLANG_WARN_BLOCK_CAPTURE_AUTORELEASING = YES;
				CLANG_WARN_BOOL_CONVERSION = YES;
				CLANG_WARN_COMMA = YES;
				CLANG_WARN_CONSTANT_CONVERSION = YES;
				CLANG_WARN_DEPRECATED_OBJC_IMPLEMENTATIONS = YES;
				CLANG_WARN_DIRECT_OBJC_ISA_USAGE = YES_ERROR;
				CLANG_WARN_DOCUMENTATION_COMMENTS = YES;
				CLANG_WARN_EMPTY_BODY = YES;
				CLANG_WARN_ENUM_CONVERSION = YES;
				CLANG_WARN_INFINITE_RECURSION = YES;
				CLANG_WARN_INT_CONVERSION = YES;
				CLANG_WARN_NON_LITERAL_NULL_CONVERSION = YES;
				CLANG_WARN_OBJC_IMPLICIT_RETAIN_SELF = YES;
				CLANG_WARN_OBJC_LITERAL_CONVERSION = YES;
				CLANG_WARN_OBJC_ROOT_CLASS = YES_ERROR;
				CLANG_WARN_QUOTED_INCLUDE_IN_FRAMEWORK_HEADER = YES;
				CLANG_WARN_RANGE_LOOP_ANALYSIS = YES;
				CLANG_WARN_STRICT_PROTOTYPES = YES;
				CLANG_WARN_SUSPICIOUS_MOVE = YES;
				CLANG_WARN_UNGUARDED_AVAILABILITY = YES_AGGRESSIVE;
				CLANG_WARN_UNREACHABLE_CODE = YES;
				CLANG_WARN__DUPLICATE_METHOD_MATCH = YES;
				COPY_PHASE_STRIP = NO;
				CURRENT_PROJECT_VERSION = 1;
				DEBUG_INFORMATION_FORMAT = "dwarf-with-dsym";
				ENABLE_NS_ASSERTIONS = NO;
				ENABLE_STRICT_OBJC_MSGSEND = YES;
				GCC_C_LANGUAGE_STANDARD = gnu11;
				GCC_NO_COMMON_BLOCKS = YES;
				GCC_WARN_64_TO_32_BIT_CONVERSION = YES;
				GCC_WARN_ABOUT_RETURN_TYPE = YES_ERROR;
				GCC_WARN_UNDECLARED_SELECTOR = YES;
				GCC_WARN_UNINITIALIZED_AUTOS = YES_AGGRESSIVE;
				GCC_WARN_UNUSED_FUNCTION = YES;
				GCC_WARN_UNUSED_VARIABLE = YES;
				IPHONEOS_DEPLOYMENT_TARGET = 12.0;
				MTL_ENABLE_DEBUG_INFO = NO;
				MTL_FAST_MATH = YES;
				SDKROOT = iphoneos;
				SWIFT_COMPILATION_MODE = wholemodule;
				SWIFT_OPTIMIZATION_LEVEL = "-O";
				VALIDATE_PRODUCT = YES;
				VERSIONING_SYSTEM = "apple-generic";
				VERSION_INFO_PREFIX = "";
			};
			name = Release;
		};
		4B959B182764F77F0003FFB6 /* Debug */ = {
			isa = XCBuildConfiguration;
			buildSettings = {
				ASSETCATALOG_COMPILER_APPICON_NAME = AppIcon;
				ASSETCATALOG_COMPILER_GLOBAL_ACCENT_COLOR_NAME = AccentColor;
				CLANG_ENABLE_MODULES = YES;
				CODE_SIGN_STYLE = Automatic;
				CURRENT_PROJECT_VERSION = 1;
				DEVELOPMENT_TEAM = KU2QEJ9K3Z;
				GENERATE_INFOPLIST_FILE = YES;
				INFOPLIST_KEY_UIApplicationSupportsIndirectInputEvents = YES;
				INFOPLIST_KEY_UILaunchStoryboardName = LaunchScreen;
				INFOPLIST_KEY_UISupportedInterfaceOrientations_iPad = "UIInterfaceOrientationPortrait UIInterfaceOrientationPortraitUpsideDown UIInterfaceOrientationLandscapeLeft UIInterfaceOrientationLandscapeRight";
				INFOPLIST_KEY_UISupportedInterfaceOrientations_iPhone = "UIInterfaceOrientationPortrait UIInterfaceOrientationLandscapeLeft UIInterfaceOrientationLandscapeRight";
				IPHONEOS_DEPLOYMENT_TARGET = 13.0;
				LD_RUNPATH_SEARCH_PATHS = (
					"$(inherited)",
					"@executable_path/Frameworks",
				);
				MARKETING_VERSION = 1.0;
				PRODUCT_BUNDLE_IDENTIFIER = "app.muukii.FluidInterfaceKit-Demo";
				PRODUCT_NAME = "$(TARGET_NAME)";
				SWIFT_EMIT_LOC_STRINGS = YES;
				SWIFT_OBJC_BRIDGING_HEADER = "Sources/FluidInterfaceKit-Demo/FluidInterfaceKit-Demo-Bridging-Header.h";
				SWIFT_OPTIMIZATION_LEVEL = "-Onone";
				SWIFT_VERSION = 5.0;
				TARGETED_DEVICE_FAMILY = "1,2";
			};
			name = Debug;
		};
		4B959B192764F77F0003FFB6 /* Release */ = {
			isa = XCBuildConfiguration;
			buildSettings = {
				ASSETCATALOG_COMPILER_APPICON_NAME = AppIcon;
				ASSETCATALOG_COMPILER_GLOBAL_ACCENT_COLOR_NAME = AccentColor;
				CLANG_ENABLE_MODULES = YES;
				CODE_SIGN_STYLE = Automatic;
				CURRENT_PROJECT_VERSION = 1;
				DEVELOPMENT_TEAM = KU2QEJ9K3Z;
				GENERATE_INFOPLIST_FILE = YES;
				INFOPLIST_KEY_UIApplicationSupportsIndirectInputEvents = YES;
				INFOPLIST_KEY_UILaunchStoryboardName = LaunchScreen;
				INFOPLIST_KEY_UISupportedInterfaceOrientations_iPad = "UIInterfaceOrientationPortrait UIInterfaceOrientationPortraitUpsideDown UIInterfaceOrientationLandscapeLeft UIInterfaceOrientationLandscapeRight";
				INFOPLIST_KEY_UISupportedInterfaceOrientations_iPhone = "UIInterfaceOrientationPortrait UIInterfaceOrientationLandscapeLeft UIInterfaceOrientationLandscapeRight";
				IPHONEOS_DEPLOYMENT_TARGET = 13.0;
				LD_RUNPATH_SEARCH_PATHS = (
					"$(inherited)",
					"@executable_path/Frameworks",
				);
				MARKETING_VERSION = 1.0;
				PRODUCT_BUNDLE_IDENTIFIER = "app.muukii.FluidInterfaceKit-Demo";
				PRODUCT_NAME = "$(TARGET_NAME)";
				SWIFT_EMIT_LOC_STRINGS = YES;
				SWIFT_OBJC_BRIDGING_HEADER = "Sources/FluidInterfaceKit-Demo/FluidInterfaceKit-Demo-Bridging-Header.h";
				SWIFT_VERSION = 5.0;
				TARGETED_DEVICE_FAMILY = "1,2";
			};
			name = Release;
		};
/* End XCBuildConfiguration section */

/* Begin XCConfigurationList section */
		4B959AF22764F7180003FFB6 /* Build configuration list for PBXProject "FluidInterfaceKit" */ = {
			isa = XCConfigurationList;
			buildConfigurations = (
				4B959AFD2764F7180003FFB6 /* Debug */,
				4B959AFE2764F7180003FFB6 /* Release */,
			);
			defaultConfigurationIsVisible = 0;
			defaultConfigurationName = Release;
		};
		4B959B172764F77F0003FFB6 /* Build configuration list for PBXNativeTarget "FluidInterfaceKit-Demo" */ = {
			isa = XCConfigurationList;
			buildConfigurations = (
				4B959B182764F77F0003FFB6 /* Debug */,
				4B959B192764F77F0003FFB6 /* Release */,
			);
			defaultConfigurationIsVisible = 0;
			defaultConfigurationName = Release;
		};
/* End XCConfigurationList section */

/* Begin XCRemoteSwiftPackageReference section */
		4B959B1A2764F7B30003FFB6 /* XCRemoteSwiftPackageReference "Storybook-ios" */ = {
			isa = XCRemoteSwiftPackageReference;
			repositoryURL = "git@github.com:eure/Storybook-ios.git";
			requirement = {
				branch = main;
				kind = branch;
			};
		};
		4BB5B317277077CC00EE1028 /* XCRemoteSwiftPackageReference "Ne" */ = {
			isa = XCRemoteSwiftPackageReference;
			repositoryURL = "https://github.com/muukii/Ne.git";
			requirement = {
				kind = upToNextMajorVersion;
				minimumVersion = 1.0.0;
			};
		};
		4BB5B31A277077EA00EE1028 /* XCRemoteSwiftPackageReference "MockKit" */ = {
			isa = XCRemoteSwiftPackageReference;
			repositoryURL = "https://github.com/muukii/MockKit.git";
			requirement = {
				branch = main;
				kind = branch;
			};
		};
		4BBDECCF2766238B00982229 /* XCRemoteSwiftPackageReference "Wrap" */ = {
			isa = XCRemoteSwiftPackageReference;
			repositoryURL = "https://github.com/VergeGroup/Wrap.git";
			requirement = {
				kind = upToNextMajorVersion;
				minimumVersion = 3.0.0;
			};
		};
/* End XCRemoteSwiftPackageReference section */

/* Begin XCSwiftPackageProductDependency section */
		4B658D0E276A59F700A17878 /* Wrap */ = {
			isa = XCSwiftPackageProductDependency;
			package = 4BBDECCF2766238B00982229 /* XCRemoteSwiftPackageReference "Wrap" */;
			productName = Wrap;
		};
		4B959B1B2764F7B30003FFB6 /* StorybookKit */ = {
			isa = XCSwiftPackageProductDependency;
			package = 4B959B1A2764F7B30003FFB6 /* XCRemoteSwiftPackageReference "Storybook-ios" */;
			productName = StorybookKit;
		};
		4B959B1D2764F7B30003FFB6 /* StorybookUI */ = {
			isa = XCSwiftPackageProductDependency;
			package = 4B959B1A2764F7B30003FFB6 /* XCRemoteSwiftPackageReference "Storybook-ios" */;
			productName = StorybookUI;
		};
		4B9C2BB4279C6825002FBF0F /* FluidInterfaceKitRideauSupport */ = {
			isa = XCSwiftPackageProductDependency;
			productName = FluidInterfaceKitRideauSupport;
		};
		4BB5B318277077CC00EE1028 /* Ne */ = {
			isa = XCSwiftPackageProductDependency;
			package = 4BB5B317277077CC00EE1028 /* XCRemoteSwiftPackageReference "Ne" */;
			productName = Ne;
		};
		4BB5B31B277077EA00EE1028 /* MockKit */ = {
			isa = XCSwiftPackageProductDependency;
			package = 4BB5B31A277077EA00EE1028 /* XCRemoteSwiftPackageReference "MockKit" */;
			productName = MockKit;
		};
		4BBDECDF276648FD00982229 /* CompositionKit */ = {
			isa = XCSwiftPackageProductDependency;
			productName = CompositionKit;
		};
		4BBDECE1276648FD00982229 /* MatchedTransition */ = {
			isa = XCSwiftPackageProductDependency;
			productName = MatchedTransition;
		};
		4BDDF268277F50C100636B00 /* MondrianLayout */ = {
			isa = XCSwiftPackageProductDependency;
			productName = MondrianLayout;
		};
		4BDDF26C277F553200636B00 /* FluidInterfaceKit */ = {
			isa = XCSwiftPackageProductDependency;
			productName = FluidInterfaceKit;
		};
/* End XCSwiftPackageProductDependency section */
	};
	rootObject = 4B959AEF2764F7180003FFB6 /* Project object */;
}
