// !$*UTF8*$!
{
	archiveVersion = 1;
	classes = {
	};
	objectVersion = 55;
	objects = {

/* Begin PBXBuildFile section */
		4B01AFE1281939CB00A44537 /* DemoSheetViewController.swift in Sources */ = {isa = PBXBuildFile; fileRef = 4B01AFE0281939CB00A44537 /* DemoSheetViewController.swift */; };
		4B2F619527B818E800363580 /* DemoListContainerViewController.swift in Sources */ = {isa = PBXBuildFile; fileRef = 4B2F619427B818E800363580 /* DemoListContainerViewController.swift */; };
		4B2F9EA027FC080000F74ADB /* UIKitPresentationTests.swift in Sources */ = {isa = PBXBuildFile; fileRef = 4B2F9E9F27FC080000F74ADB /* UIKitPresentationTests.swift */; };
		4B3BE33C27EDF6370060BAD3 /* FluidLocalEnvironmentTests.swift in Sources */ = {isa = PBXBuildFile; fileRef = 4B3BE33B27EDF6370060BAD3 /* FluidLocalEnvironmentTests.swift */; };
		4B468062279C58E800625FCB /* TranslationVelocityPlaygroundViewController.swift in Sources */ = {isa = PBXBuildFile; fileRef = 4B46804B279C58E800625FCB /* TranslationVelocityPlaygroundViewController.swift */; };
		4B468063279C58E800625FCB /* DemoTransitionViewController.swift in Sources */ = {isa = PBXBuildFile; fileRef = 4B46804C279C58E800625FCB /* DemoTransitionViewController.swift */; };
		4B468064279C58E800625FCB /* AnimatorPlaygroundViewController.swift in Sources */ = {isa = PBXBuildFile; fileRef = 4B46804D279C58E800625FCB /* AnimatorPlaygroundViewController.swift */; };
		4B468065279C58E800625FCB /* RootContainerViewController.swift in Sources */ = {isa = PBXBuildFile; fileRef = 4B46804E279C58E800625FCB /* RootContainerViewController.swift */; };
		4B468066279C58E800625FCB /* DemoControlCenterViewController.swift in Sources */ = {isa = PBXBuildFile; fileRef = 4B46804F279C58E800625FCB /* DemoControlCenterViewController.swift */; };
		4B468067279C58E800625FCB /* DemoThreadsMessagesViewController.swift in Sources */ = {isa = PBXBuildFile; fileRef = 4B468050279C58E800625FCB /* DemoThreadsMessagesViewController.swift */; };
		4B468068279C58E800625FCB /* Assets.xcassets in Resources */ = {isa = PBXBuildFile; fileRef = 4B468051279C58E800625FCB /* Assets.xcassets */; };
		4B468069279C58E800625FCB /* DemoPictureInPictureController.swift in Sources */ = {isa = PBXBuildFile; fileRef = 4B468052279C58E800625FCB /* DemoPictureInPictureController.swift */; };
		4B46806A279C58E800625FCB /* ViewModel.swift in Sources */ = {isa = PBXBuildFile; fileRef = 4B468053279C58E800625FCB /* ViewModel.swift */; };
		4B46806B279C58E800625FCB /* DemoStackingViewController.swift in Sources */ = {isa = PBXBuildFile; fileRef = 4B468054279C58E800625FCB /* DemoStackingViewController.swift */; };
		4B46806C279C58E800625FCB /* LaunchScreen.storyboard in Resources */ = {isa = PBXBuildFile; fileRef = 4B468055279C58E800625FCB /* LaunchScreen.storyboard */; };
		4B46806E279C58E800625FCB /* Book.swift in Sources */ = {isa = PBXBuildFile; fileRef = 4B468058279C58E800625FCB /* Book.swift */; };
		4B46806F279C58E800625FCB /* UIColor+Presets.swift in Sources */ = {isa = PBXBuildFile; fileRef = 4B468059279C58E800625FCB /* UIColor+Presets.swift */; };
		4B468070279C58E800625FCB /* AppDelegate.swift in Sources */ = {isa = PBXBuildFile; fileRef = 4B46805A279C58E800625FCB /* AppDelegate.swift */; };
		4B468071279C58E800625FCB /* DemoSafeAreaViewController.swift in Sources */ = {isa = PBXBuildFile; fileRef = 4B46805B279C58E800625FCB /* DemoSafeAreaViewController.swift */; };
		4B468072279C58E800625FCB /* DemoContextMenuViewController.swift in Sources */ = {isa = PBXBuildFile; fileRef = 4B46805C279C58E800625FCB /* DemoContextMenuViewController.swift */; };
		4B468074279C58E800625FCB /* UIControl+Closure.swift in Sources */ = {isa = PBXBuildFile; fileRef = 4B46805E279C58E800625FCB /* UIControl+Closure.swift */; };
		4B468075279C58E800625FCB /* DemoApplicationViewController.swift in Sources */ = {isa = PBXBuildFile; fileRef = 4B46805F279C58E800625FCB /* DemoApplicationViewController.swift */; };
		4B468076279C58E800625FCB /* ScalingVelocityPlaygroundViewController.swift in Sources */ = {isa = PBXBuildFile; fileRef = 4B468060279C58E800625FCB /* ScalingVelocityPlaygroundViewController.swift */; };
		4B658D0F276A59F700A17878 /* Wrap in Frameworks */ = {isa = PBXBuildFile; productRef = 4B658D0E276A59F700A17878 /* Wrap */; };
		4B69049627B6685F0088FDDD /* FluidViewControllerTests.swift in Sources */ = {isa = PBXBuildFile; fileRef = 4B69049527B6685F0088FDDD /* FluidViewControllerTests.swift */; };
		4B6F87CA27B599B100216F4E /* UINavigationItemTests.swift in Sources */ = {isa = PBXBuildFile; fileRef = 4B6F87C927B599B100216F4E /* UINavigationItemTests.swift */; };
		4B7410B927ACE975003D8AB5 /* DemoCompositionOrderViewController.swift in Sources */ = {isa = PBXBuildFile; fileRef = 4B7410B827ACE975003D8AB5 /* DemoCompositionOrderViewController.swift */; };
		4B79ABBD27E7CB9A008DE44F /* UIViewControllerExtentionTests.swift in Sources */ = {isa = PBXBuildFile; fileRef = 4B79ABBC27E7CB9A008DE44F /* UIViewControllerExtentionTests.swift */; };
		4B97A9E527B9828E0068B330 /* TreeBuilder.swift in Sources */ = {isa = PBXBuildFile; fileRef = 4BC8F5F727B6B1DA00095412 /* TreeBuilder.swift */; };
		4B9C2BB5279C6825002FBF0F /* FluidInterfaceKitRideauSupport in Frameworks */ = {isa = PBXBuildFile; productRef = 4B9C2BB4279C6825002FBF0F /* FluidInterfaceKitRideauSupport */; };
		4BA37CE9293E2A4A000D186D /* DemoSpaceViewController.swift in Sources */ = {isa = PBXBuildFile; fileRef = 4BA37CE8293E2A4A000D186D /* DemoSpaceViewController.swift */; };
		4BB493B0279C6F4700535EC7 /* DemoRideauIntegrationViewController.swift in Sources */ = {isa = PBXBuildFile; fileRef = 4BB493AF279C6F4700535EC7 /* DemoRideauIntegrationViewController.swift */; };
		4BB5B319277077CC00EE1028 /* Ne in Frameworks */ = {isa = PBXBuildFile; productRef = 4BB5B318277077CC00EE1028 /* Ne */; };
		4BB5B31C277077EA00EE1028 /* MockKit in Frameworks */ = {isa = PBXBuildFile; productRef = 4BB5B31B277077EA00EE1028 /* MockKit */; };
		4BBDECE0276648FD00982229 /* CompositionKit in Frameworks */ = {isa = PBXBuildFile; productRef = 4BBDECDF276648FD00982229 /* CompositionKit */; };
		4BBDECE2276648FD00982229 /* MatchedTransition in Frameworks */ = {isa = PBXBuildFile; productRef = 4BBDECE1276648FD00982229 /* MatchedTransition */; };
		4BC0A14F27C1731D00CD3A46 /* Assets.xcassets in Resources */ = {isa = PBXBuildFile; fileRef = 4BC0A14927C1731D00CD3A46 /* Assets.xcassets */; };
		4BC0A15027C1731D00CD3A46 /* LaunchScreen.storyboard in Resources */ = {isa = PBXBuildFile; fileRef = 4BC0A14A27C1731D00CD3A46 /* LaunchScreen.storyboard */; };
		4BC0A15127C1731D00CD3A46 /* AppDelegate.swift in Sources */ = {isa = PBXBuildFile; fileRef = 4BC0A14C27C1731D00CD3A46 /* AppDelegate.swift */; };
		4BC0A15427C1733600CD3A46 /* FluidInterfaceKit in Frameworks */ = {isa = PBXBuildFile; productRef = 4BC0A15327C1733600CD3A46 /* FluidInterfaceKit */; };
		4BC0A15627C1749100CD3A46 /* RootViewController.swift in Sources */ = {isa = PBXBuildFile; fileRef = 4BC0A15527C1749100CD3A46 /* RootViewController.swift */; };
		4BC0A15827C178A300CD3A46 /* FirstViewController.swift in Sources */ = {isa = PBXBuildFile; fileRef = 4BC0A15727C178A300CD3A46 /* FirstViewController.swift */; };
		4BC0A15A27C178C000CD3A46 /* SecondViewController.swift in Sources */ = {isa = PBXBuildFile; fileRef = 4BC0A15927C178C000CD3A46 /* SecondViewController.swift */; };
		4BC667BA27B2E69C00182E6C /* FluidInterfaceKitTests.swift in Sources */ = {isa = PBXBuildFile; fileRef = 4BC667B927B2E69C00182E6C /* FluidInterfaceKitTests.swift */; };
		4BC667BF27B2E6B300182E6C /* FluidInterfaceKit in Frameworks */ = {isa = PBXBuildFile; productRef = 4BC667BE27B2E6B300182E6C /* FluidInterfaceKit */; };
		4BC667C127B2E6B300182E6C /* FluidInterfaceKitRideauSupport in Frameworks */ = {isa = PBXBuildFile; productRef = 4BC667C027B2E6B300182E6C /* FluidInterfaceKitRideauSupport */; };
		4BC7B20D284E3C7F0087BC7A /* DemoPictureInPictureCoolController.swift in Sources */ = {isa = PBXBuildFile; fileRef = 4BC7B20C284E3C7F0087BC7A /* DemoPictureInPictureCoolController.swift */; };
		4BC8F5F427B6B02300095412 /* StorybookKit in Frameworks */ = {isa = PBXBuildFile; productRef = 4BC8F5F327B6B02300095412 /* StorybookKit */; };
		4BC8F5F627B6B02300095412 /* StorybookUI in Frameworks */ = {isa = PBXBuildFile; productRef = 4BC8F5F527B6B02300095412 /* StorybookUI */; };
		4BD2A2B727B6A9AC00E20F07 /* FluidStackControllerTests.swift in Sources */ = {isa = PBXBuildFile; fileRef = 4BD2A2B627B6A9AC00E20F07 /* FluidStackControllerTests.swift */; };
		4BDDD3CE28DB627500452B7D /* CompositionKit in Frameworks */ = {isa = PBXBuildFile; productRef = 4BDDD3CD28DB627500452B7D /* CompositionKit */; };
		4BDDF269277F50C100636B00 /* MondrianLayout in Frameworks */ = {isa = PBXBuildFile; productRef = 4BDDF268277F50C100636B00 /* MondrianLayout */; };
		4BDDF26D277F553200636B00 /* FluidInterfaceKit in Frameworks */ = {isa = PBXBuildFile; productRef = 4BDDF26C277F553200636B00 /* FluidInterfaceKit */; };
		4BFC696327A7F3BB0011238E /* CAPortalLayer.m in Sources */ = {isa = PBXBuildFile; fileRef = 4BFC696227A7F3BB0011238E /* CAPortalLayer.m */; };
		4BFC696627A7F46D0011238E /* DemoPortalLayer.swift in Sources */ = {isa = PBXBuildFile; fileRef = 4BFC696527A7F46D0011238E /* DemoPortalLayer.swift */; };
		FCEA76E429349BD700E8B0E6 /* DemoFloatingDisplayKit.swift in Sources */ = {isa = PBXBuildFile; fileRef = FCEA76E329349BD700E8B0E6 /* DemoFloatingDisplayKit.swift */; };
		FCEA76E829349C9C00E8B0E6 /* DemoSnackbarView.swift in Sources */ = {isa = PBXBuildFile; fileRef = FCEA76E529349C9B00E8B0E6 /* DemoSnackbarView.swift */; };
		FCEA76E929349C9C00E8B0E6 /* FloatingDisplayKitContentView.swift in Sources */ = {isa = PBXBuildFile; fileRef = FCEA76E629349C9B00E8B0E6 /* FloatingDisplayKitContentView.swift */; };
/* End PBXBuildFile section */

/* Begin PBXContainerItemProxy section */
		4BC8F5FC27B6CB1A00095412 /* PBXContainerItemProxy */ = {
			isa = PBXContainerItemProxy;
			containerPortal = 4B959AEF2764F7180003FFB6 /* Project object */;
			proxyType = 1;
			remoteGlobalIDString = 4B959B052764F77E0003FFB6;
			remoteInfo = "FluidInterfaceKit-Demo";
		};
/* End PBXContainerItemProxy section */

/* Begin PBXCopyFilesBuildPhase section */
		4B97A9E327B9826C0068B330 /* CopyFiles */ = {
			isa = PBXCopyFilesBuildPhase;
			buildActionMask = 2147483647;
			dstPath = "";
			dstSubfolderSpec = 6;
			files = (
			);
			runOnlyForDeploymentPostprocessing = 0;
		};
/* End PBXCopyFilesBuildPhase section */

/* Begin PBXFileReference section */
		4B01AFE0281939CB00A44537 /* DemoSheetViewController.swift */ = {isa = PBXFileReference; lastKnownFileType = sourcecode.swift; path = DemoSheetViewController.swift; sourceTree = "<group>"; };
		4B259A4327BED2C700F53B4C /* FluidInterfaceKit.podspec */ = {isa = PBXFileReference; lastKnownFileType = text; path = FluidInterfaceKit.podspec; sourceTree = "<group>"; };
		4B2F619427B818E800363580 /* DemoListContainerViewController.swift */ = {isa = PBXFileReference; fileEncoding = 4; lastKnownFileType = sourcecode.swift; path = DemoListContainerViewController.swift; sourceTree = "<group>"; };
		4B2F9E9F27FC080000F74ADB /* UIKitPresentationTests.swift */ = {isa = PBXFileReference; lastKnownFileType = sourcecode.swift; path = UIKitPresentationTests.swift; sourceTree = "<group>"; };
		4B3BE33B27EDF6370060BAD3 /* FluidLocalEnvironmentTests.swift */ = {isa = PBXFileReference; lastKnownFileType = sourcecode.swift; path = FluidLocalEnvironmentTests.swift; sourceTree = "<group>"; };
		4B46804B279C58E800625FCB /* TranslationVelocityPlaygroundViewController.swift */ = {isa = PBXFileReference; fileEncoding = 4; lastKnownFileType = sourcecode.swift; path = TranslationVelocityPlaygroundViewController.swift; sourceTree = "<group>"; };
		4B46804C279C58E800625FCB /* DemoTransitionViewController.swift */ = {isa = PBXFileReference; fileEncoding = 4; lastKnownFileType = sourcecode.swift; path = DemoTransitionViewController.swift; sourceTree = "<group>"; };
		4B46804D279C58E800625FCB /* AnimatorPlaygroundViewController.swift */ = {isa = PBXFileReference; fileEncoding = 4; lastKnownFileType = sourcecode.swift; path = AnimatorPlaygroundViewController.swift; sourceTree = "<group>"; };
		4B46804E279C58E800625FCB /* RootContainerViewController.swift */ = {isa = PBXFileReference; fileEncoding = 4; lastKnownFileType = sourcecode.swift; path = RootContainerViewController.swift; sourceTree = "<group>"; };
		4B46804F279C58E800625FCB /* DemoControlCenterViewController.swift */ = {isa = PBXFileReference; fileEncoding = 4; lastKnownFileType = sourcecode.swift; path = DemoControlCenterViewController.swift; sourceTree = "<group>"; };
		4B468050279C58E800625FCB /* DemoThreadsMessagesViewController.swift */ = {isa = PBXFileReference; fileEncoding = 4; lastKnownFileType = sourcecode.swift; path = DemoThreadsMessagesViewController.swift; sourceTree = "<group>"; };
		4B468051279C58E800625FCB /* Assets.xcassets */ = {isa = PBXFileReference; lastKnownFileType = folder.assetcatalog; path = Assets.xcassets; sourceTree = "<group>"; };
		4B468052279C58E800625FCB /* DemoPictureInPictureController.swift */ = {isa = PBXFileReference; fileEncoding = 4; lastKnownFileType = sourcecode.swift; path = DemoPictureInPictureController.swift; sourceTree = "<group>"; };
		4B468053279C58E800625FCB /* ViewModel.swift */ = {isa = PBXFileReference; fileEncoding = 4; lastKnownFileType = sourcecode.swift; path = ViewModel.swift; sourceTree = "<group>"; };
		4B468054279C58E800625FCB /* DemoStackingViewController.swift */ = {isa = PBXFileReference; fileEncoding = 4; lastKnownFileType = sourcecode.swift; path = DemoStackingViewController.swift; sourceTree = "<group>"; };
		4B468056279C58E800625FCB /* Base */ = {isa = PBXFileReference; lastKnownFileType = file.storyboard; name = Base; path = Base.lproj/LaunchScreen.storyboard; sourceTree = "<group>"; };
		4B468058279C58E800625FCB /* Book.swift */ = {isa = PBXFileReference; fileEncoding = 4; lastKnownFileType = sourcecode.swift; path = Book.swift; sourceTree = "<group>"; };
		4B468059279C58E800625FCB /* UIColor+Presets.swift */ = {isa = PBXFileReference; fileEncoding = 4; lastKnownFileType = sourcecode.swift; path = "UIColor+Presets.swift"; sourceTree = "<group>"; };
		4B46805A279C58E800625FCB /* AppDelegate.swift */ = {isa = PBXFileReference; fileEncoding = 4; lastKnownFileType = sourcecode.swift; path = AppDelegate.swift; sourceTree = "<group>"; };
		4B46805B279C58E800625FCB /* DemoSafeAreaViewController.swift */ = {isa = PBXFileReference; fileEncoding = 4; lastKnownFileType = sourcecode.swift; path = DemoSafeAreaViewController.swift; sourceTree = "<group>"; };
		4B46805C279C58E800625FCB /* DemoContextMenuViewController.swift */ = {isa = PBXFileReference; fileEncoding = 4; lastKnownFileType = sourcecode.swift; path = DemoContextMenuViewController.swift; sourceTree = "<group>"; };
		4B46805E279C58E800625FCB /* UIControl+Closure.swift */ = {isa = PBXFileReference; fileEncoding = 4; lastKnownFileType = sourcecode.swift; path = "UIControl+Closure.swift"; sourceTree = "<group>"; };
		4B46805F279C58E800625FCB /* DemoApplicationViewController.swift */ = {isa = PBXFileReference; fileEncoding = 4; lastKnownFileType = sourcecode.swift; path = DemoApplicationViewController.swift; sourceTree = "<group>"; };
		4B468060279C58E800625FCB /* ScalingVelocityPlaygroundViewController.swift */ = {isa = PBXFileReference; fileEncoding = 4; lastKnownFileType = sourcecode.swift; path = ScalingVelocityPlaygroundViewController.swift; sourceTree = "<group>"; };
		4B69049527B6685F0088FDDD /* FluidViewControllerTests.swift */ = {isa = PBXFileReference; lastKnownFileType = sourcecode.swift; path = FluidViewControllerTests.swift; sourceTree = "<group>"; };
		4B6F87C927B599B100216F4E /* UINavigationItemTests.swift */ = {isa = PBXFileReference; lastKnownFileType = sourcecode.swift; path = UINavigationItemTests.swift; sourceTree = "<group>"; };
		4B7410B827ACE975003D8AB5 /* DemoCompositionOrderViewController.swift */ = {isa = PBXFileReference; lastKnownFileType = sourcecode.swift; path = DemoCompositionOrderViewController.swift; sourceTree = "<group>"; };
		4B79ABBC27E7CB9A008DE44F /* UIViewControllerExtentionTests.swift */ = {isa = PBXFileReference; lastKnownFileType = sourcecode.swift; path = UIViewControllerExtentionTests.swift; sourceTree = "<group>"; };
		4B959B062764F77E0003FFB6 /* FluidInterfaceKit-Demo.app */ = {isa = PBXFileReference; explicitFileType = wrapper.application; includeInIndex = 0; path = "FluidInterfaceKit-Demo.app"; sourceTree = BUILT_PRODUCTS_DIR; };
		4BA37CE8293E2A4A000D186D /* DemoSpaceViewController.swift */ = {isa = PBXFileReference; lastKnownFileType = sourcecode.swift; path = DemoSpaceViewController.swift; sourceTree = "<group>"; };
		4BB404E227C17146000BA6B9 /* ExampleFluidApp.app */ = {isa = PBXFileReference; explicitFileType = wrapper.application; includeInIndex = 0; path = ExampleFluidApp.app; sourceTree = BUILT_PRODUCTS_DIR; };
		4BB493AF279C6F4700535EC7 /* DemoRideauIntegrationViewController.swift */ = {isa = PBXFileReference; lastKnownFileType = sourcecode.swift; path = DemoRideauIntegrationViewController.swift; sourceTree = "<group>"; };
		4BC0A14927C1731D00CD3A46 /* Assets.xcassets */ = {isa = PBXFileReference; lastKnownFileType = folder.assetcatalog; path = Assets.xcassets; sourceTree = "<group>"; };
		4BC0A14B27C1731D00CD3A46 /* Base */ = {isa = PBXFileReference; lastKnownFileType = file.storyboard; name = Base; path = Base.lproj/LaunchScreen.storyboard; sourceTree = "<group>"; };
		4BC0A14C27C1731D00CD3A46 /* AppDelegate.swift */ = {isa = PBXFileReference; fileEncoding = 4; lastKnownFileType = sourcecode.swift; path = AppDelegate.swift; sourceTree = "<group>"; };
		4BC0A15527C1749100CD3A46 /* RootViewController.swift */ = {isa = PBXFileReference; lastKnownFileType = sourcecode.swift; path = RootViewController.swift; sourceTree = "<group>"; };
		4BC0A15727C178A300CD3A46 /* FirstViewController.swift */ = {isa = PBXFileReference; lastKnownFileType = sourcecode.swift; path = FirstViewController.swift; sourceTree = "<group>"; };
		4BC0A15927C178C000CD3A46 /* SecondViewController.swift */ = {isa = PBXFileReference; lastKnownFileType = sourcecode.swift; path = SecondViewController.swift; sourceTree = "<group>"; };
		4BC667B727B2E69C00182E6C /* FluidInterfaceKitTests.xctest */ = {isa = PBXFileReference; explicitFileType = wrapper.cfbundle; includeInIndex = 0; path = FluidInterfaceKitTests.xctest; sourceTree = BUILT_PRODUCTS_DIR; };
		4BC667B927B2E69C00182E6C /* FluidInterfaceKitTests.swift */ = {isa = PBXFileReference; lastKnownFileType = sourcecode.swift; path = FluidInterfaceKitTests.swift; sourceTree = "<group>"; };
		4BC7B20C284E3C7F0087BC7A /* DemoPictureInPictureCoolController.swift */ = {isa = PBXFileReference; lastKnownFileType = sourcecode.swift; path = DemoPictureInPictureCoolController.swift; sourceTree = "<group>"; };
		4BC8F5F727B6B1DA00095412 /* TreeBuilder.swift */ = {isa = PBXFileReference; lastKnownFileType = sourcecode.swift; path = TreeBuilder.swift; sourceTree = "<group>"; };
		4BD2A2B627B6A9AC00E20F07 /* FluidStackControllerTests.swift */ = {isa = PBXFileReference; lastKnownFileType = sourcecode.swift; path = FluidStackControllerTests.swift; sourceTree = "<group>"; };
		4BE0AAC4277FD5620086FD7E /*  */ = {isa = PBXFileReference; lastKnownFileType = wrapper; name = ""; sourceTree = "<group>"; };
		4BFC696127A7F3BA0011238E /* FluidInterfaceKit-Demo-Bridging-Header.h */ = {isa = PBXFileReference; lastKnownFileType = sourcecode.c.h; path = "FluidInterfaceKit-Demo-Bridging-Header.h"; sourceTree = "<group>"; };
		4BFC696227A7F3BB0011238E /* CAPortalLayer.m */ = {isa = PBXFileReference; lastKnownFileType = sourcecode.c.objc; path = CAPortalLayer.m; sourceTree = "<group>"; };
		4BFC696427A7F3DB0011238E /* CAPortalLayer.h */ = {isa = PBXFileReference; lastKnownFileType = sourcecode.c.h; path = CAPortalLayer.h; sourceTree = "<group>"; };
		4BFC696527A7F46D0011238E /* DemoPortalLayer.swift */ = {isa = PBXFileReference; lastKnownFileType = sourcecode.swift; path = DemoPortalLayer.swift; sourceTree = "<group>"; };
		FCEA76E329349BD700E8B0E6 /* DemoFloatingDisplayKit.swift */ = {isa = PBXFileReference; lastKnownFileType = sourcecode.swift; path = DemoFloatingDisplayKit.swift; sourceTree = "<group>"; };
		FCEA76E529349C9B00E8B0E6 /* DemoSnackbarView.swift */ = {isa = PBXFileReference; fileEncoding = 4; lastKnownFileType = sourcecode.swift; path = DemoSnackbarView.swift; sourceTree = "<group>"; };
		FCEA76E629349C9B00E8B0E6 /* FloatingDisplayKitContentView.swift */ = {isa = PBXFileReference; fileEncoding = 4; lastKnownFileType = sourcecode.swift; path = FloatingDisplayKitContentView.swift; sourceTree = "<group>"; };
/* End PBXFileReference section */

/* Begin PBXFrameworksBuildPhase section */
		4B959B032764F77E0003FFB6 /* Frameworks */ = {
			isa = PBXFrameworksBuildPhase;
			buildActionMask = 2147483647;
			files = (
				4BC8F5F427B6B02300095412 /* StorybookKit in Frameworks */,
				4BBDECE2276648FD00982229 /* MatchedTransition in Frameworks */,
				4B9C2BB5279C6825002FBF0F /* FluidInterfaceKitRideauSupport in Frameworks */,
				4BDDF26D277F553200636B00 /* FluidInterfaceKit in Frameworks */,
				4BB5B319277077CC00EE1028 /* Ne in Frameworks */,
				4BBDECE0276648FD00982229 /* CompositionKit in Frameworks */,
				4BDDD3CE28DB627500452B7D /* CompositionKit in Frameworks */,
				4B658D0F276A59F700A17878 /* Wrap in Frameworks */,
				4BC8F5F627B6B02300095412 /* StorybookUI in Frameworks */,
				4BDDF269277F50C100636B00 /* MondrianLayout in Frameworks */,
				4BB5B31C277077EA00EE1028 /* MockKit in Frameworks */,
			);
			runOnlyForDeploymentPostprocessing = 0;
		};
		4BB404DF27C17146000BA6B9 /* Frameworks */ = {
			isa = PBXFrameworksBuildPhase;
			buildActionMask = 2147483647;
			files = (
				4BC0A15427C1733600CD3A46 /* FluidInterfaceKit in Frameworks */,
			);
			runOnlyForDeploymentPostprocessing = 0;
		};
		4BC667B427B2E69C00182E6C /* Frameworks */ = {
			isa = PBXFrameworksBuildPhase;
			buildActionMask = 2147483647;
			files = (
				4BC667C127B2E6B300182E6C /* FluidInterfaceKitRideauSupport in Frameworks */,
				4BC667BF27B2E6B300182E6C /* FluidInterfaceKit in Frameworks */,
			);
			runOnlyForDeploymentPostprocessing = 0;
		};
/* End PBXFrameworksBuildPhase section */

/* Begin PBXGroup section */
		4B468046279C588E00625FCB /* Sources */ = {
			isa = PBXGroup;
			children = (
				4BC0A14727C1731D00CD3A46 /* ExampleFluidApp */,
				4B468049279C58E800625FCB /* FluidInterfaceKit-Demo */,
				4BC667B827B2E69C00182E6C /* FluidInterfaceKitTests */,
			);
			path = Sources;
			sourceTree = "<group>";
		};
		4B468049279C58E800625FCB /* FluidInterfaceKit-Demo */ = {
			isa = PBXGroup;
			children = (
				4BFC696427A7F3DB0011238E /* CAPortalLayer.h */,
				4BFC696127A7F3BA0011238E /* FluidInterfaceKit-Demo-Bridging-Header.h */,
				4BFC696227A7F3BB0011238E /* CAPortalLayer.m */,
				4B46804D279C58E800625FCB /* AnimatorPlaygroundViewController.swift */,
				4B46805A279C58E800625FCB /* AppDelegate.swift */,
				4B468058279C58E800625FCB /* Book.swift */,
				4B46805F279C58E800625FCB /* DemoApplicationViewController.swift */,
				4B7410B827ACE975003D8AB5 /* DemoCompositionOrderViewController.swift */,
				4B46805C279C58E800625FCB /* DemoContextMenuViewController.swift */,
				4B46804F279C58E800625FCB /* DemoControlCenterViewController.swift */,
				4B2F619427B818E800363580 /* DemoListContainerViewController.swift */,
				4B468052279C58E800625FCB /* DemoPictureInPictureController.swift */,
				4BC7B20C284E3C7F0087BC7A /* DemoPictureInPictureCoolController.swift */,
				4BFC696527A7F46D0011238E /* DemoPortalLayer.swift */,
				4BB493AF279C6F4700535EC7 /* DemoRideauIntegrationViewController.swift */,
				4B46805B279C58E800625FCB /* DemoSafeAreaViewController.swift */,
				4B468050279C58E800625FCB /* DemoThreadsMessagesViewController.swift */,
				FCEA76EB29349CA600E8B0E6 /* DemoFloatingDisplayKit */,
				4B46804C279C58E800625FCB /* DemoTransitionViewController.swift */,
				4B468054279C58E800625FCB /* DemoStackingViewController.swift */,
				4B01AFE0281939CB00A44537 /* DemoSheetViewController.swift */,
				4B46804E279C58E800625FCB /* RootContainerViewController.swift */,
				4B468060279C58E800625FCB /* ScalingVelocityPlaygroundViewController.swift */,
				4B46804B279C58E800625FCB /* TranslationVelocityPlaygroundViewController.swift */,
				4B468059279C58E800625FCB /* UIColor+Presets.swift */,
				4B46805E279C58E800625FCB /* UIControl+Closure.swift */,
				4B468053279C58E800625FCB /* ViewModel.swift */,
				4B468051279C58E800625FCB /* Assets.xcassets */,
				4B468055279C58E800625FCB /* LaunchScreen.storyboard */,
				4BA37CE8293E2A4A000D186D /* DemoSpaceViewController.swift */,
			);
			path = "FluidInterfaceKit-Demo";
			sourceTree = "<group>";
		};
		4B959AEE2764F7180003FFB6 = {
			isa = PBXGroup;
			children = (
				4B259A4327BED2C700F53B4C /* FluidInterfaceKit.podspec */,
				4BBDECDC276646E300982229 /* Packages */,
				4B468046279C588E00625FCB /* Sources */,
				4B959AF92764F7180003FFB6 /* Products */,
				4B9C2BB3279C6825002FBF0F /* Frameworks */,
			);
			sourceTree = "<group>";
		};
		4B959AF92764F7180003FFB6 /* Products */ = {
			isa = PBXGroup;
			children = (
				4B959B062764F77E0003FFB6 /* FluidInterfaceKit-Demo.app */,
				4BC667B727B2E69C00182E6C /* FluidInterfaceKitTests.xctest */,
				4BB404E227C17146000BA6B9 /* ExampleFluidApp.app */,
			);
			name = Products;
			sourceTree = "<group>";
		};
		4B9C2BB3279C6825002FBF0F /* Frameworks */ = {
			isa = PBXGroup;
			children = (
			);
			name = Frameworks;
			sourceTree = "<group>";
		};
		4BBDECDC276646E300982229 /* Packages */ = {
			isa = PBXGroup;
			children = (
				4BE0AAC4277FD5620086FD7E /*  */,
			);
			name = Packages;
			sourceTree = "<group>";
		};
		4BC0A14727C1731D00CD3A46 /* ExampleFluidApp */ = {
			isa = PBXGroup;
			children = (
				4BC0A14927C1731D00CD3A46 /* Assets.xcassets */,
				4BC0A14A27C1731D00CD3A46 /* LaunchScreen.storyboard */,
				4BC0A14C27C1731D00CD3A46 /* AppDelegate.swift */,
				4BC0A15527C1749100CD3A46 /* RootViewController.swift */,
				4BC0A15727C178A300CD3A46 /* FirstViewController.swift */,
				4BC0A15927C178C000CD3A46 /* SecondViewController.swift */,
			);
			path = ExampleFluidApp;
			sourceTree = "<group>";
		};
		4BC667B827B2E69C00182E6C /* FluidInterfaceKitTests */ = {
			isa = PBXGroup;
			children = (
				4BC8F5F727B6B1DA00095412 /* TreeBuilder.swift */,
				4BC667B927B2E69C00182E6C /* FluidInterfaceKitTests.swift */,
				4B6F87C927B599B100216F4E /* UINavigationItemTests.swift */,
				4B69049527B6685F0088FDDD /* FluidViewControllerTests.swift */,
				4BD2A2B627B6A9AC00E20F07 /* FluidStackControllerTests.swift */,
				4B79ABBC27E7CB9A008DE44F /* UIViewControllerExtentionTests.swift */,
				4B2F9E9F27FC080000F74ADB /* UIKitPresentationTests.swift */,
				4B3BE33B27EDF6370060BAD3 /* FluidLocalEnvironmentTests.swift */,
			);
			path = FluidInterfaceKitTests;
			sourceTree = "<group>";
		};
		FCEA76EB29349CA600E8B0E6 /* DemoFloatingDisplayKit */ = {
			isa = PBXGroup;
			children = (
				FCEA76E329349BD700E8B0E6 /* DemoFloatingDisplayKit.swift */,
				FCEA76E629349C9B00E8B0E6 /* FloatingDisplayKitContentView.swift */,
				FCEA76E529349C9B00E8B0E6 /* DemoSnackbarView.swift */,
			);
			path = DemoFloatingDisplayKit;
			sourceTree = "<group>";
		};
/* End PBXGroup section */

/* Begin PBXNativeTarget section */
		4B959B052764F77E0003FFB6 /* FluidInterfaceKit-Demo */ = {
			isa = PBXNativeTarget;
			buildConfigurationList = 4B959B172764F77F0003FFB6 /* Build configuration list for PBXNativeTarget "FluidInterfaceKit-Demo" */;
			buildPhases = (
				4B959B022764F77E0003FFB6 /* Sources */,
				4B959B032764F77E0003FFB6 /* Frameworks */,
				4B959B042764F77E0003FFB6 /* Resources */,
			);
			buildRules = (
			);
			dependencies = (
				4BDDF26F277F554700636B00 /* PBXTargetDependency */,
				4BDDF271277F554700636B00 /* PBXTargetDependency */,
				4BDDF273277F554700636B00 /* PBXTargetDependency */,
				4BDDF275277F554700636B00 /* PBXTargetDependency */,
				4BDDF277277F554700636B00 /* PBXTargetDependency */,
				4BDDF279277F554700636B00 /* PBXTargetDependency */,
				4BDDF27B277F554700636B00 /* PBXTargetDependency */,
				4BDDF27D277F554700636B00 /* PBXTargetDependency */,
			);
			name = "FluidInterfaceKit-Demo";
			packageProductDependencies = (
				4BBDECDF276648FD00982229 /* CompositionKit */,
				4BBDECE1276648FD00982229 /* MatchedTransition */,
				4B658D0E276A59F700A17878 /* Wrap */,
				4BB5B318277077CC00EE1028 /* Ne */,
				4BB5B31B277077EA00EE1028 /* MockKit */,
				4BDDF268277F50C100636B00 /* MondrianLayout */,
				4BDDF26C277F553200636B00 /* FluidInterfaceKit */,
				4B9C2BB4279C6825002FBF0F /* FluidInterfaceKitRideauSupport */,
				4BC8F5F327B6B02300095412 /* StorybookKit */,
				4BC8F5F527B6B02300095412 /* StorybookUI */,
				4BDDD3CD28DB627500452B7D /* CompositionKit */,
			);
			productName = "FluidUIKit-Demo";
			productReference = 4B959B062764F77E0003FFB6 /* FluidInterfaceKit-Demo.app */;
			productType = "com.apple.product-type.application";
		};
		4BB404E127C17146000BA6B9 /* ExampleFluidApp */ = {
			isa = PBXNativeTarget;
			buildConfigurationList = 4BB404F527C17147000BA6B9 /* Build configuration list for PBXNativeTarget "ExampleFluidApp" */;
			buildPhases = (
				4BB404DE27C17146000BA6B9 /* Sources */,
				4BB404DF27C17146000BA6B9 /* Frameworks */,
				4BB404E027C17146000BA6B9 /* Resources */,
			);
			buildRules = (
			);
			dependencies = (
			);
			name = ExampleFluidApp;
			packageProductDependencies = (
				4BC0A15327C1733600CD3A46 /* FluidInterfaceKit */,
			);
			productName = ExampleFluidApp;
			productReference = 4BB404E227C17146000BA6B9 /* ExampleFluidApp.app */;
			productType = "com.apple.product-type.application";
		};
		4BC667B627B2E69C00182E6C /* FluidInterfaceKitTests */ = {
			isa = PBXNativeTarget;
			buildConfigurationList = 4BC667BD27B2E69C00182E6C /* Build configuration list for PBXNativeTarget "FluidInterfaceKitTests" */;
			buildPhases = (
				4BC667B327B2E69C00182E6C /* Sources */,
				4BC667B427B2E69C00182E6C /* Frameworks */,
				4BC667B527B2E69C00182E6C /* Resources */,
				4B97A9E327B9826C0068B330 /* CopyFiles */,
			);
			buildRules = (
			);
			dependencies = (
				4BC8F5FD27B6CB1A00095412 /* PBXTargetDependency */,
			);
			name = FluidInterfaceKitTests;
			packageProductDependencies = (
				4BC667BE27B2E6B300182E6C /* FluidInterfaceKit */,
				4BC667C027B2E6B300182E6C /* FluidInterfaceKitRideauSupport */,
			);
			productName = FluidInterfaceKitTests;
			productReference = 4BC667B727B2E69C00182E6C /* FluidInterfaceKitTests.xctest */;
			productType = "com.apple.product-type.bundle.unit-test";
		};
/* End PBXNativeTarget section */

/* Begin PBXProject section */
		4B959AEF2764F7180003FFB6 /* Project object */ = {
			isa = PBXProject;
			attributes = {
				BuildIndependentTargetsInParallel = 1;
				LastSwiftUpdateCheck = 1320;
				LastUpgradeCheck = 1320;
				TargetAttributes = {
					4B959B052764F77E0003FFB6 = {
						CreatedOnToolsVersion = 13.2;
						LastSwiftMigration = 1320;
					};
					4BB404E127C17146000BA6B9 = {
						CreatedOnToolsVersion = 13.2.1;
					};
					4BC667B627B2E69C00182E6C = {
						CreatedOnToolsVersion = 13.2.1;
					};
				};
			};
			buildConfigurationList = 4B959AF22764F7180003FFB6 /* Build configuration list for PBXProject "FluidInterfaceKit" */;
			compatibilityVersion = "Xcode 13.0";
			developmentRegion = en;
			hasScannedForEncodings = 0;
			knownRegions = (
				en,
				Base,
			);
			mainGroup = 4B959AEE2764F7180003FFB6;
			packageReferences = (
				4BBDECCF2766238B00982229 /* XCRemoteSwiftPackageReference "Wrap" */,
				4BB5B317277077CC00EE1028 /* XCRemoteSwiftPackageReference "Ne" */,
				4BB5B31A277077EA00EE1028 /* XCRemoteSwiftPackageReference "MockKit" */,
				4BC8F5F227B6B02300095412 /* XCRemoteSwiftPackageReference "Storybook-ios" */,
				4BDDD3CC28DB627500452B7D /* XCRemoteSwiftPackageReference "CompositionKit" */,
			);
			productRefGroup = 4B959AF92764F7180003FFB6 /* Products */;
			projectDirPath = "";
			projectRoot = "";
			targets = (
				4B959B052764F77E0003FFB6 /* FluidInterfaceKit-Demo */,
				4BC667B627B2E69C00182E6C /* FluidInterfaceKitTests */,
				4BB404E127C17146000BA6B9 /* ExampleFluidApp */,
			);
		};
/* End PBXProject section */

/* Begin PBXResourcesBuildPhase section */
		4B959B042764F77E0003FFB6 /* Resources */ = {
			isa = PBXResourcesBuildPhase;
			buildActionMask = 2147483647;
			files = (
				4B46806C279C58E800625FCB /* LaunchScreen.storyboard in Resources */,
				4B468068279C58E800625FCB /* Assets.xcassets in Resources */,
			);
			runOnlyForDeploymentPostprocessing = 0;
		};
		4BB404E027C17146000BA6B9 /* Resources */ = {
			isa = PBXResourcesBuildPhase;
			buildActionMask = 2147483647;
			files = (
				4BC0A14F27C1731D00CD3A46 /* Assets.xcassets in Resources */,
				4BC0A15027C1731D00CD3A46 /* LaunchScreen.storyboard in Resources */,
			);
			runOnlyForDeploymentPostprocessing = 0;
		};
		4BC667B527B2E69C00182E6C /* Resources */ = {
			isa = PBXResourcesBuildPhase;
			buildActionMask = 2147483647;
			files = (
			);
			runOnlyForDeploymentPostprocessing = 0;
		};
/* End PBXResourcesBuildPhase section */

/* Begin PBXSourcesBuildPhase section */
		4B959B022764F77E0003FFB6 /* Sources */ = {
			isa = PBXSourcesBuildPhase;
			buildActionMask = 2147483647;
			files = (
				4B468062279C58E800625FCB /* TranslationVelocityPlaygroundViewController.swift in Sources */,
				4BFC696327A7F3BB0011238E /* CAPortalLayer.m in Sources */,
				4BFC696627A7F46D0011238E /* DemoPortalLayer.swift in Sources */,
				4B468074279C58E800625FCB /* UIControl+Closure.swift in Sources */,
				4BA37CE9293E2A4A000D186D /* DemoSpaceViewController.swift in Sources */,
				4B46806A279C58E800625FCB /* ViewModel.swift in Sources */,
				4B01AFE1281939CB00A44537 /* DemoSheetViewController.swift in Sources */,
				4B468066279C58E800625FCB /* DemoControlCenterViewController.swift in Sources */,
				4B46806B279C58E800625FCB /* DemoStackingViewController.swift in Sources */,
				FCEA76E829349C9C00E8B0E6 /* DemoSnackbarView.swift in Sources */,
				4B46806E279C58E800625FCB /* Book.swift in Sources */,
				FCEA76E429349BD700E8B0E6 /* DemoFloatingDisplayKit.swift in Sources */,
				4B468069279C58E800625FCB /* DemoPictureInPictureController.swift in Sources */,
				4B468071279C58E800625FCB /* DemoSafeAreaViewController.swift in Sources */,
				4B7410B927ACE975003D8AB5 /* DemoCompositionOrderViewController.swift in Sources */,
				FCEA76E929349C9C00E8B0E6 /* FloatingDisplayKitContentView.swift in Sources */,
				4B468064279C58E800625FCB /* AnimatorPlaygroundViewController.swift in Sources */,
				4B468067279C58E800625FCB /* DemoThreadsMessagesViewController.swift in Sources */,
				4B468072279C58E800625FCB /* DemoContextMenuViewController.swift in Sources */,
				4BC7B20D284E3C7F0087BC7A /* DemoPictureInPictureCoolController.swift in Sources */,
				4B2F619527B818E800363580 /* DemoListContainerViewController.swift in Sources */,
				4B468065279C58E800625FCB /* RootContainerViewController.swift in Sources */,
				4B468063279C58E800625FCB /* DemoTransitionViewController.swift in Sources */,
				4B468076279C58E800625FCB /* ScalingVelocityPlaygroundViewController.swift in Sources */,
				4B468070279C58E800625FCB /* AppDelegate.swift in Sources */,
				4BB493B0279C6F4700535EC7 /* DemoRideauIntegrationViewController.swift in Sources */,
				4B468075279C58E800625FCB /* DemoApplicationViewController.swift in Sources */,
				4B46806F279C58E800625FCB /* UIColor+Presets.swift in Sources */,
			);
			runOnlyForDeploymentPostprocessing = 0;
		};
		4BB404DE27C17146000BA6B9 /* Sources */ = {
			isa = PBXSourcesBuildPhase;
			buildActionMask = 2147483647;
			files = (
				4BC0A15A27C178C000CD3A46 /* SecondViewController.swift in Sources */,
				4BC0A15827C178A300CD3A46 /* FirstViewController.swift in Sources */,
				4BC0A15627C1749100CD3A46 /* RootViewController.swift in Sources */,
				4BC0A15127C1731D00CD3A46 /* AppDelegate.swift in Sources */,
			);
			runOnlyForDeploymentPostprocessing = 0;
		};
		4BC667B327B2E69C00182E6C /* Sources */ = {
			isa = PBXSourcesBuildPhase;
			buildActionMask = 2147483647;
			files = (
				4B69049627B6685F0088FDDD /* FluidViewControllerTests.swift in Sources */,
				4B6F87CA27B599B100216F4E /* UINavigationItemTests.swift in Sources */,
				4B2F9EA027FC080000F74ADB /* UIKitPresentationTests.swift in Sources */,
				4B97A9E527B9828E0068B330 /* TreeBuilder.swift in Sources */,
				4B3BE33C27EDF6370060BAD3 /* FluidLocalEnvironmentTests.swift in Sources */,
				4B79ABBD27E7CB9A008DE44F /* UIViewControllerExtentionTests.swift in Sources */,
				4BC667BA27B2E69C00182E6C /* FluidInterfaceKitTests.swift in Sources */,
				4BD2A2B727B6A9AC00E20F07 /* FluidStackControllerTests.swift in Sources */,
			);
			runOnlyForDeploymentPostprocessing = 0;
		};
/* End PBXSourcesBuildPhase section */

/* Begin PBXTargetDependency section */
		4BC8F5FD27B6CB1A00095412 /* PBXTargetDependency */ = {
			isa = PBXTargetDependency;
			target = 4B959B052764F77E0003FFB6 /* FluidInterfaceKit-Demo */;
			targetProxy = 4BC8F5FC27B6CB1A00095412 /* PBXContainerItemProxy */;
		};
		4BDDF26F277F554700636B00 /* PBXTargetDependency */ = {
			isa = PBXTargetDependency;
		};
		4BDDF271277F554700636B00 /* PBXTargetDependency */ = {
			isa = PBXTargetDependency;
		};
		4BDDF273277F554700636B00 /* PBXTargetDependency */ = {
			isa = PBXTargetDependency;
		};
		4BDDF275277F554700636B00 /* PBXTargetDependency */ = {
			isa = PBXTargetDependency;
		};
		4BDDF277277F554700636B00 /* PBXTargetDependency */ = {
			isa = PBXTargetDependency;
		};
		4BDDF279277F554700636B00 /* PBXTargetDependency */ = {
			isa = PBXTargetDependency;
		};
		4BDDF27B277F554700636B00 /* PBXTargetDependency */ = {
			isa = PBXTargetDependency;
		};
		4BDDF27D277F554700636B00 /* PBXTargetDependency */ = {
			isa = PBXTargetDependency;
		};
/* End PBXTargetDependency section */

/* Begin PBXVariantGroup section */
		4B468055279C58E800625FCB /* LaunchScreen.storyboard */ = {
			isa = PBXVariantGroup;
			children = (
				4B468056279C58E800625FCB /* Base */,
			);
			name = LaunchScreen.storyboard;
			sourceTree = "<group>";
		};
		4BC0A14A27C1731D00CD3A46 /* LaunchScreen.storyboard */ = {
			isa = PBXVariantGroup;
			children = (
				4BC0A14B27C1731D00CD3A46 /* Base */,
			);
			name = LaunchScreen.storyboard;
			sourceTree = "<group>";
		};
/* End PBXVariantGroup section */

/* Begin XCBuildConfiguration section */
		4B959AFD2764F7180003FFB6 /* Debug */ = {
			isa = XCBuildConfiguration;
			buildSettings = {
				ALWAYS_SEARCH_USER_PATHS = NO;
				CLANG_ANALYZER_NONNULL = YES;
				CLANG_ANALYZER_NUMBER_OBJECT_CONVERSION = YES_AGGRESSIVE;
				CLANG_CXX_LANGUAGE_STANDARD = "gnu++17";
				CLANG_CXX_LIBRARY = "libc++";
				CLANG_ENABLE_MODULES = YES;
				CLANG_ENABLE_OBJC_ARC = YES;
				CLANG_ENABLE_OBJC_WEAK = YES;
				CLANG_WARN_BLOCK_CAPTURE_AUTORELEASING = YES;
				CLANG_WARN_BOOL_CONVERSION = YES;
				CLANG_WARN_COMMA = YES;
				CLANG_WARN_CONSTANT_CONVERSION = YES;
				CLANG_WARN_DEPRECATED_OBJC_IMPLEMENTATIONS = YES;
				CLANG_WARN_DIRECT_OBJC_ISA_USAGE = YES_ERROR;
				CLANG_WARN_DOCUMENTATION_COMMENTS = YES;
				CLANG_WARN_EMPTY_BODY = YES;
				CLANG_WARN_ENUM_CONVERSION = YES;
				CLANG_WARN_INFINITE_RECURSION = YES;
				CLANG_WARN_INT_CONVERSION = YES;
				CLANG_WARN_NON_LITERAL_NULL_CONVERSION = YES;
				CLANG_WARN_OBJC_IMPLICIT_RETAIN_SELF = YES;
				CLANG_WARN_OBJC_LITERAL_CONVERSION = YES;
				CLANG_WARN_OBJC_ROOT_CLASS = YES_ERROR;
				CLANG_WARN_QUOTED_INCLUDE_IN_FRAMEWORK_HEADER = YES;
				CLANG_WARN_RANGE_LOOP_ANALYSIS = YES;
				CLANG_WARN_STRICT_PROTOTYPES = YES;
				CLANG_WARN_SUSPICIOUS_MOVE = YES;
				CLANG_WARN_UNGUARDED_AVAILABILITY = YES_AGGRESSIVE;
				CLANG_WARN_UNREACHABLE_CODE = YES;
				CLANG_WARN__DUPLICATE_METHOD_MATCH = YES;
				COPY_PHASE_STRIP = NO;
				CURRENT_PROJECT_VERSION = 1;
				DEBUG_INFORMATION_FORMAT = dwarf;
				ENABLE_STRICT_OBJC_MSGSEND = YES;
				ENABLE_TESTABILITY = YES;
				GCC_C_LANGUAGE_STANDARD = gnu11;
				GCC_DYNAMIC_NO_PIC = NO;
				GCC_NO_COMMON_BLOCKS = YES;
				GCC_OPTIMIZATION_LEVEL = 0;
				GCC_PREPROCESSOR_DEFINITIONS = (
					"DEBUG=1",
					"$(inherited)",
				);
				GCC_WARN_64_TO_32_BIT_CONVERSION = YES;
				GCC_WARN_ABOUT_RETURN_TYPE = YES_ERROR;
				GCC_WARN_UNDECLARED_SELECTOR = YES;
				GCC_WARN_UNINITIALIZED_AUTOS = YES_AGGRESSIVE;
				GCC_WARN_UNUSED_FUNCTION = YES;
				GCC_WARN_UNUSED_VARIABLE = YES;
				IPHONEOS_DEPLOYMENT_TARGET = 12.0;
				MTL_ENABLE_DEBUG_INFO = INCLUDE_SOURCE;
				MTL_FAST_MATH = YES;
				ONLY_ACTIVE_ARCH = YES;
				SDKROOT = iphoneos;
				SWIFT_ACTIVE_COMPILATION_CONDITIONS = DEBUG;
				SWIFT_OPTIMIZATION_LEVEL = "-Onone";
				SWIFT_STRICT_CONCURRENCY = complete;
				VERSIONING_SYSTEM = "apple-generic";
				VERSION_INFO_PREFIX = "";
			};
			name = Debug;
		};
		4B959AFE2764F7180003FFB6 /* Release */ = {
			isa = XCBuildConfiguration;
			buildSettings = {
				ALWAYS_SEARCH_USER_PATHS = NO;
				CLANG_ANALYZER_NONNULL = YES;
				CLANG_ANALYZER_NUMBER_OBJECT_CONVERSION = YES_AGGRESSIVE;
				CLANG_CXX_LANGUAGE_STANDARD = "gnu++17";
				CLANG_CXX_LIBRARY = "libc++";
				CLANG_ENABLE_MODULES = YES;
				CLANG_ENABLE_OBJC_ARC = YES;
				CLANG_ENABLE_OBJC_WEAK = YES;
				CLANG_WARN_BLOCK_CAPTURE_AUTORELEASING = YES;
				CLANG_WARN_BOOL_CONVERSION = YES;
				CLANG_WARN_COMMA = YES;
				CLANG_WARN_CONSTANT_CONVERSION = YES;
				CLANG_WARN_DEPRECATED_OBJC_IMPLEMENTATIONS = YES;
				CLANG_WARN_DIRECT_OBJC_ISA_USAGE = YES_ERROR;
				CLANG_WARN_DOCUMENTATION_COMMENTS = YES;
				CLANG_WARN_EMPTY_BODY = YES;
				CLANG_WARN_ENUM_CONVERSION = YES;
				CLANG_WARN_INFINITE_RECURSION = YES;
				CLANG_WARN_INT_CONVERSION = YES;
				CLANG_WARN_NON_LITERAL_NULL_CONVERSION = YES;
				CLANG_WARN_OBJC_IMPLICIT_RETAIN_SELF = YES;
				CLANG_WARN_OBJC_LITERAL_CONVERSION = YES;
				CLANG_WARN_OBJC_ROOT_CLASS = YES_ERROR;
				CLANG_WARN_QUOTED_INCLUDE_IN_FRAMEWORK_HEADER = YES;
				CLANG_WARN_RANGE_LOOP_ANALYSIS = YES;
				CLANG_WARN_STRICT_PROTOTYPES = YES;
				CLANG_WARN_SUSPICIOUS_MOVE = YES;
				CLANG_WARN_UNGUARDED_AVAILABILITY = YES_AGGRESSIVE;
				CLANG_WARN_UNREACHABLE_CODE = YES;
				CLANG_WARN__DUPLICATE_METHOD_MATCH = YES;
				COPY_PHASE_STRIP = NO;
				CURRENT_PROJECT_VERSION = 1;
				DEBUG_INFORMATION_FORMAT = "dwarf-with-dsym";
				ENABLE_NS_ASSERTIONS = NO;
				ENABLE_STRICT_OBJC_MSGSEND = YES;
				GCC_C_LANGUAGE_STANDARD = gnu11;
				GCC_NO_COMMON_BLOCKS = YES;
				GCC_WARN_64_TO_32_BIT_CONVERSION = YES;
				GCC_WARN_ABOUT_RETURN_TYPE = YES_ERROR;
				GCC_WARN_UNDECLARED_SELECTOR = YES;
				GCC_WARN_UNINITIALIZED_AUTOS = YES_AGGRESSIVE;
				GCC_WARN_UNUSED_FUNCTION = YES;
				GCC_WARN_UNUSED_VARIABLE = YES;
				IPHONEOS_DEPLOYMENT_TARGET = 12.0;
				MTL_ENABLE_DEBUG_INFO = NO;
				MTL_FAST_MATH = YES;
				SDKROOT = iphoneos;
				SWIFT_COMPILATION_MODE = wholemodule;
				SWIFT_OPTIMIZATION_LEVEL = "-O";
				SWIFT_STRICT_CONCURRENCY = complete;
				VALIDATE_PRODUCT = YES;
				VERSIONING_SYSTEM = "apple-generic";
				VERSION_INFO_PREFIX = "";
			};
			name = Release;
		};
		4B959B182764F77F0003FFB6 /* Debug */ = {
			isa = XCBuildConfiguration;
			buildSettings = {
				ASSETCATALOG_COMPILER_APPICON_NAME = AppIcon;
				ASSETCATALOG_COMPILER_GLOBAL_ACCENT_COLOR_NAME = AccentColor;
				CLANG_ENABLE_MODULES = YES;
				CODE_SIGN_STYLE = Automatic;
				CURRENT_PROJECT_VERSION = 1;
				DEVELOPMENT_TEAM = KU2QEJ9K3Z;
				GENERATE_INFOPLIST_FILE = YES;
				INFOPLIST_KEY_UIApplicationSupportsIndirectInputEvents = YES;
				INFOPLIST_KEY_UILaunchStoryboardName = LaunchScreen;
				INFOPLIST_KEY_UISupportedInterfaceOrientations_iPad = "UIInterfaceOrientationPortrait UIInterfaceOrientationPortraitUpsideDown UIInterfaceOrientationLandscapeLeft UIInterfaceOrientationLandscapeRight";
				INFOPLIST_KEY_UISupportedInterfaceOrientations_iPhone = "UIInterfaceOrientationPortrait UIInterfaceOrientationLandscapeLeft UIInterfaceOrientationLandscapeRight";
				IPHONEOS_DEPLOYMENT_TARGET = 13.0;
				LD_RUNPATH_SEARCH_PATHS = (
					"$(inherited)",
					"@executable_path/Frameworks",
				);
				MARKETING_VERSION = 1.0;
				PRODUCT_BUNDLE_IDENTIFIER = "app.muukii.FluidInterfaceKit-Demo";
				PRODUCT_NAME = "$(TARGET_NAME)";
				SWIFT_EMIT_LOC_STRINGS = YES;
				SWIFT_OBJC_BRIDGING_HEADER = "Sources/FluidInterfaceKit-Demo/FluidInterfaceKit-Demo-Bridging-Header.h";
				SWIFT_OPTIMIZATION_LEVEL = "-Onone";
				SWIFT_VERSION = 5.0;
				TARGETED_DEVICE_FAMILY = "1,2";
			};
			name = Debug;
		};
		4B959B192764F77F0003FFB6 /* Release */ = {
			isa = XCBuildConfiguration;
			buildSettings = {
				ASSETCATALOG_COMPILER_APPICON_NAME = AppIcon;
				ASSETCATALOG_COMPILER_GLOBAL_ACCENT_COLOR_NAME = AccentColor;
				CLANG_ENABLE_MODULES = YES;
				CODE_SIGN_STYLE = Automatic;
				CURRENT_PROJECT_VERSION = 1;
				DEVELOPMENT_TEAM = KU2QEJ9K3Z;
				GENERATE_INFOPLIST_FILE = YES;
				INFOPLIST_KEY_UIApplicationSupportsIndirectInputEvents = YES;
				INFOPLIST_KEY_UILaunchStoryboardName = LaunchScreen;
				INFOPLIST_KEY_UISupportedInterfaceOrientations_iPad = "UIInterfaceOrientationPortrait UIInterfaceOrientationPortraitUpsideDown UIInterfaceOrientationLandscapeLeft UIInterfaceOrientationLandscapeRight";
				INFOPLIST_KEY_UISupportedInterfaceOrientations_iPhone = "UIInterfaceOrientationPortrait UIInterfaceOrientationLandscapeLeft UIInterfaceOrientationLandscapeRight";
				IPHONEOS_DEPLOYMENT_TARGET = 13.0;
				LD_RUNPATH_SEARCH_PATHS = (
					"$(inherited)",
					"@executable_path/Frameworks",
				);
				MARKETING_VERSION = 1.0;
				PRODUCT_BUNDLE_IDENTIFIER = "app.muukii.FluidInterfaceKit-Demo";
				PRODUCT_NAME = "$(TARGET_NAME)";
				SWIFT_EMIT_LOC_STRINGS = YES;
				SWIFT_OBJC_BRIDGING_HEADER = "Sources/FluidInterfaceKit-Demo/FluidInterfaceKit-Demo-Bridging-Header.h";
				SWIFT_VERSION = 5.0;
				TARGETED_DEVICE_FAMILY = "1,2";
			};
			name = Release;
		};
		4BB404F327C17147000BA6B9 /* Debug */ = {
			isa = XCBuildConfiguration;
			buildSettings = {
				ASSETCATALOG_COMPILER_APPICON_NAME = AppIcon;
				ASSETCATALOG_COMPILER_GLOBAL_ACCENT_COLOR_NAME = AccentColor;
				CODE_SIGN_STYLE = Automatic;
				CURRENT_PROJECT_VERSION = 1;
				GENERATE_INFOPLIST_FILE = YES;
				INFOPLIST_KEY_UIApplicationSupportsIndirectInputEvents = YES;
				INFOPLIST_KEY_UILaunchStoryboardName = LaunchScreen;
				INFOPLIST_KEY_UISupportedInterfaceOrientations = UIInterfaceOrientationPortrait;
				INFOPLIST_KEY_UISupportedInterfaceOrientations_iPad = "UIInterfaceOrientationPortrait UIInterfaceOrientationPortraitUpsideDown UIInterfaceOrientationLandscapeLeft UIInterfaceOrientationLandscapeRight";
				IPHONEOS_DEPLOYMENT_TARGET = 13.0;
				LD_RUNPATH_SEARCH_PATHS = (
					"$(inherited)",
					"@executable_path/Frameworks",
				);
				MARKETING_VERSION = 1.0;
				PRODUCT_BUNDLE_IDENTIFIER = app.muukii.ExampleFluidApp;
				PRODUCT_NAME = "$(TARGET_NAME)";
				SWIFT_EMIT_LOC_STRINGS = YES;
				SWIFT_VERSION = 5.0;
				TARGETED_DEVICE_FAMILY = 1;
			};
			name = Debug;
		};
		4BB404F427C17147000BA6B9 /* Release */ = {
			isa = XCBuildConfiguration;
			buildSettings = {
				ASSETCATALOG_COMPILER_APPICON_NAME = AppIcon;
				ASSETCATALOG_COMPILER_GLOBAL_ACCENT_COLOR_NAME = AccentColor;
				CODE_SIGN_STYLE = Automatic;
				CURRENT_PROJECT_VERSION = 1;
				GENERATE_INFOPLIST_FILE = YES;
				INFOPLIST_KEY_UIApplicationSupportsIndirectInputEvents = YES;
				INFOPLIST_KEY_UILaunchStoryboardName = LaunchScreen;
				INFOPLIST_KEY_UISupportedInterfaceOrientations = UIInterfaceOrientationPortrait;
				INFOPLIST_KEY_UISupportedInterfaceOrientations_iPad = "UIInterfaceOrientationPortrait UIInterfaceOrientationPortraitUpsideDown UIInterfaceOrientationLandscapeLeft UIInterfaceOrientationLandscapeRight";
				IPHONEOS_DEPLOYMENT_TARGET = 13.0;
				LD_RUNPATH_SEARCH_PATHS = (
					"$(inherited)",
					"@executable_path/Frameworks",
				);
				MARKETING_VERSION = 1.0;
				PRODUCT_BUNDLE_IDENTIFIER = app.muukii.ExampleFluidApp;
				PRODUCT_NAME = "$(TARGET_NAME)";
				SWIFT_EMIT_LOC_STRINGS = YES;
				SWIFT_VERSION = 5.0;
				TARGETED_DEVICE_FAMILY = 1;
			};
			name = Release;
		};
		4BC667BB27B2E69C00182E6C /* Debug */ = {
			isa = XCBuildConfiguration;
			buildSettings = {
				CODE_SIGN_STYLE = Automatic;
				CURRENT_PROJECT_VERSION = 1;
				GENERATE_INFOPLIST_FILE = YES;
				IPHONEOS_DEPLOYMENT_TARGET = 13.0;
				MARKETING_VERSION = 1.0;
				PRODUCT_BUNDLE_IDENTIFIER = app.muukii.FluidInterfaceKitTests;
				PRODUCT_NAME = "$(TARGET_NAME)";
				SWIFT_EMIT_LOC_STRINGS = NO;
				SWIFT_VERSION = 5.0;
				TARGETED_DEVICE_FAMILY = "1,2";
			};
			name = Debug;
		};
		4BC667BC27B2E69C00182E6C /* Release */ = {
			isa = XCBuildConfiguration;
			buildSettings = {
				CODE_SIGN_STYLE = Automatic;
				CURRENT_PROJECT_VERSION = 1;
				GENERATE_INFOPLIST_FILE = YES;
				IPHONEOS_DEPLOYMENT_TARGET = 13.0;
				MARKETING_VERSION = 1.0;
				PRODUCT_BUNDLE_IDENTIFIER = app.muukii.FluidInterfaceKitTests;
				PRODUCT_NAME = "$(TARGET_NAME)";
				SWIFT_EMIT_LOC_STRINGS = NO;
				SWIFT_VERSION = 5.0;
				TARGETED_DEVICE_FAMILY = "1,2";
			};
			name = Release;
		};
/* End XCBuildConfiguration section */

/* Begin XCConfigurationList section */
		4B959AF22764F7180003FFB6 /* Build configuration list for PBXProject "FluidInterfaceKit" */ = {
			isa = XCConfigurationList;
			buildConfigurations = (
				4B959AFD2764F7180003FFB6 /* Debug */,
				4B959AFE2764F7180003FFB6 /* Release */,
			);
			defaultConfigurationIsVisible = 0;
			defaultConfigurationName = Release;
		};
		4B959B172764F77F0003FFB6 /* Build configuration list for PBXNativeTarget "FluidInterfaceKit-Demo" */ = {
			isa = XCConfigurationList;
			buildConfigurations = (
				4B959B182764F77F0003FFB6 /* Debug */,
				4B959B192764F77F0003FFB6 /* Release */,
			);
			defaultConfigurationIsVisible = 0;
			defaultConfigurationName = Release;
		};
		4BB404F527C17147000BA6B9 /* Build configuration list for PBXNativeTarget "ExampleFluidApp" */ = {
			isa = XCConfigurationList;
			buildConfigurations = (
				4BB404F327C17147000BA6B9 /* Debug */,
				4BB404F427C17147000BA6B9 /* Release */,
			);
			defaultConfigurationIsVisible = 0;
			defaultConfigurationName = Release;
		};
		4BC667BD27B2E69C00182E6C /* Build configuration list for PBXNativeTarget "FluidInterfaceKitTests" */ = {
			isa = XCConfigurationList;
			buildConfigurations = (
				4BC667BB27B2E69C00182E6C /* Debug */,
				4BC667BC27B2E69C00182E6C /* Release */,
			);
			defaultConfigurationIsVisible = 0;
			defaultConfigurationName = Release;
		};
/* End XCConfigurationList section */

/* Begin XCRemoteSwiftPackageReference section */
		4BB5B317277077CC00EE1028 /* XCRemoteSwiftPackageReference "Ne" */ = {
			isa = XCRemoteSwiftPackageReference;
			repositoryURL = "https://github.com/muukii/Ne.git";
			requirement = {
				branch = main;
				kind = branch;
			};
		};
		4BB5B31A277077EA00EE1028 /* XCRemoteSwiftPackageReference "MockKit" */ = {
			isa = XCRemoteSwiftPackageReference;
			repositoryURL = "https://github.com/muukii/MockKit.git";
			requirement = {
				branch = main;
				kind = branch;
			};
		};
		4BBDECCF2766238B00982229 /* XCRemoteSwiftPackageReference "Wrap" */ = {
			isa = XCRemoteSwiftPackageReference;
			repositoryURL = "https://github.com/VergeGroup/Wrap.git";
			requirement = {
				branch = main;
				kind = branch;
			};
		};
		4BC8F5F227B6B02300095412 /* XCRemoteSwiftPackageReference "Storybook-ios" */ = {
			isa = XCRemoteSwiftPackageReference;
			repositoryURL = "https://github.com/eure/Storybook-ios";
			requirement = {
				branch = main;
				kind = branch;
			};
		};
		4BDDD3CC28DB627500452B7D /* XCRemoteSwiftPackageReference "CompositionKit" */ = {
			isa = XCRemoteSwiftPackageReference;
			repositoryURL = "https://github.com/FluidGroup/CompositionKit.git";
			requirement = {
				branch = main;
				kind = branch;
			};
		};
/* End XCRemoteSwiftPackageReference section */

/* Begin XCSwiftPackageProductDependency section */
		4B658D0E276A59F700A17878 /* Wrap */ = {
			isa = XCSwiftPackageProductDependency;
			package = 4BBDECCF2766238B00982229 /* XCRemoteSwiftPackageReference "Wrap" */;
			productName = Wrap;
		};
		4B9C2BB4279C6825002FBF0F /* FluidInterfaceKitRideauSupport */ = {
			isa = XCSwiftPackageProductDependency;
			productName = FluidInterfaceKitRideauSupport;
		};
		4BB5B318277077CC00EE1028 /* Ne */ = {
			isa = XCSwiftPackageProductDependency;
			package = 4BB5B317277077CC00EE1028 /* XCRemoteSwiftPackageReference "Ne" */;
			productName = Ne;
		};
		4BB5B31B277077EA00EE1028 /* MockKit */ = {
			isa = XCSwiftPackageProductDependency;
			package = 4BB5B31A277077EA00EE1028 /* XCRemoteSwiftPackageReference "MockKit" */;
			productName = MockKit;
		};
		4BBDECDF276648FD00982229 /* CompositionKit */ = {
			isa = XCSwiftPackageProductDependency;
			productName = CompositionKit;
		};
		4BBDECE1276648FD00982229 /* MatchedTransition */ = {
			isa = XCSwiftPackageProductDependency;
			productName = MatchedTransition;
		};
		4BC0A15327C1733600CD3A46 /* FluidInterfaceKit */ = {
			isa = XCSwiftPackageProductDependency;
			productName = FluidInterfaceKit;
		};
		4BC667BE27B2E6B300182E6C /* FluidInterfaceKit */ = {
			isa = XCSwiftPackageProductDependency;
			productName = FluidInterfaceKit;
		};
		4BC667C027B2E6B300182E6C /* FluidInterfaceKitRideauSupport */ = {
			isa = XCSwiftPackageProductDependency;
			productName = FluidInterfaceKitRideauSupport;
		};
		4BC8F5F327B6B02300095412 /* StorybookKit */ = {
			isa = XCSwiftPackageProductDependency;
			package = 4BC8F5F227B6B02300095412 /* XCRemoteSwiftPackageReference "Storybook-ios" */;
			productName = StorybookKit;
		};
		4BC8F5F527B6B02300095412 /* StorybookUI */ = {
			isa = XCSwiftPackageProductDependency;
			package = 4BC8F5F227B6B02300095412 /* XCRemoteSwiftPackageReference "Storybook-ios" */;
			productName = StorybookUI;
		};
		4BDDD3CD28DB627500452B7D /* CompositionKit */ = {
			isa = XCSwiftPackageProductDependency;
			package = 4BDDD3CC28DB627500452B7D /* XCRemoteSwiftPackageReference "CompositionKit" */;
			productName = CompositionKit;
		};
		4BDDF268277F50C100636B00 /* MondrianLayout */ = {
			isa = XCSwiftPackageProductDependency;
			productName = MondrianLayout;
		};
		4BDDF26C277F553200636B00 /* FluidInterfaceKit */ = {
			isa = XCSwiftPackageProductDependency;
			productName = FluidInterfaceKit;
		};
/* End XCSwiftPackageProductDependency section */
	};
	rootObject = 4B959AEF2764F7180003FFB6 /* Project object */;
}
