{
  "object": {
    "pins": [
      {
        "package": "MockKit",
        "repositoryURL": "https://github.com/muukii/MockKit.git",
        "state": {
          "branch": "main",
          "revision": "265b774c79ec815c96719367055cf4519ae4eb3c",
          "version": null
        }
      },
      {
        "package": "Ne",
        "repositoryURL": "https://github.com/muukii/Ne.git",
        "state": {
          "branch": null,
          "revision": "6555f94596b634c14bd0818265ef8c86bb3005f3",
          "version": "1.0.1"
        }
      },
      {
        "package": "ResultBuilderKit",
        "repositoryURL": "https://github.com/muukii/ResultBuilderKit.git",
        "state": {
          "branch": null,
          "revision": "e3c9485920557deee738db3bb8eb6b8e1f403c37",
          "version": "1.1.0"
        }
      },
      {
        "package": "Storybook",
        "repositoryURL": "git@github.com:eure/Storybook-ios.git",
        "state": {
          "branch": null,
          "revision": "e15ea90fd59c8351e9742b2b8837d05ed462bd74",
          "version": "1.8.1"
        }
      },
      {
        "package": "Wrap",
        "repositoryURL": "https://github.com/VergeGroup/Wrap.git",
        "state": {
          "branch": null,
          "revision": "2d2cc9091881b2758e33f97c073039a6237b3275",
          "version": "3.0.0"
        }
      }
    ]
  },
  "version": 1
}
