{
  "object": {
    "pins": [
      {
        "package": "MondrianLayout",
        "repositoryURL": "https://github.com/muukii/MondrianLayout.git",
        "state": {
          "branch": null,
          "revision": "39e0b4d5a3883ea32f6abead763054d5c9723811",
          "version": "0.7.0"
        }
      },
      {
        "package": "Storybook",
        "repositoryURL": "git@github.com:eure/Storybook-ios.git",
        "state": {
          "branch": null,
          "revision": "e15ea90fd59c8351e9742b2b8837d05ed462bd74",
          "version": "1.8.1"
        }
      },
      {
        "package": "Wrap",
        "repositoryURL": "https://github.com/VergeGroup/Wrap.git",
        "state": {
          "branch": null,
          "revision": "7c38486e599de7fce1695e2335c8d1aec0b88ae5",
          "version": "2.0.0"
        }
      }
    ]
  },
  "version": 1
}
